// !$*UTF8*$!
{
	archiveVersion = 1;
	classes = {
	};
	objectVersion = 46;
	objects = {

/* Begin PBXBuildFile section */
		77D6FAD41A09ADD800E06D29 /* Main.storyboard in Resources */ = {isa = PBXBuildFile; fileRef = 77D6FAD21A09ADD800E06D29 /* Main.storyboard */; };
		77D6FAD61A09ADD800E06D29 /* Images.xcassets in Resources */ = {isa = PBXBuildFile; fileRef = 77D6FAD51A09ADD800E06D29 /* Images.xcassets */; };
		77D6FAD91A09ADD800E06D29 /* LaunchScreen.xib in Resources */ = {isa = PBXBuildFile; fileRef = 77D6FAD71A09ADD800E06D29 /* LaunchScreen.xib */; };
		77D6FAE51A09ADD800E06D29 /* Aier360Tests.m in Sources */ = {isa = PBXBuildFile; fileRef = 77D6FAE41A09ADD800E06D29 /* Aier360Tests.m */; };
		77D6FAFE1A09B19C00E06D29 /* AppDelegate.m in Sources */ = {isa = PBXBuildFile; fileRef = 77D6FAF01A09B19C00E06D29 /* AppDelegate.m */; };
		77D6FAFF1A09B19C00E06D29 /* ViewController.m in Sources */ = {isa = PBXBuildFile; fileRef = 77D6FAF31A09B19C00E06D29 /* ViewController.m */; };
		77D6FB051A09B3DA00E06D29 /* Info.plist in Resources */ = {isa = PBXBuildFile; fileRef = 77D6FB031A09B3DA00E06D29 /* Info.plist */; };
		77D6FB061A09B3DA00E06D29 /* main.m in Sources */ = {isa = PBXBuildFile; fileRef = 77D6FB041A09B3DA00E06D29 /* main.m */; };
		77D6FB091A09B57E00E06D29 /* BaseModel.m in Sources */ = {isa = PBXBuildFile; fileRef = 77D6FB081A09B57E00E06D29 /* BaseModel.m */; };
		77D6FB0C1A09BAE100E06D29 /* ZXUser.m in Sources */ = {isa = PBXBuildFile; fileRef = 77D6FB0B1A09BAE100E06D29 /* ZXUser.m */; };
		77D6FB111A09C9ED00E06D29 /* ZXApiClient.m in Sources */ = {isa = PBXBuildFile; fileRef = 77D6FB101A09C9ED00E06D29 /* ZXApiClient.m */; };
		77D6FB141A09CCB700E06D29 /* ZXAccount.m in Sources */ = {isa = PBXBuildFile; fileRef = 77D6FB131A09CCB700E06D29 /* ZXAccount.m */; };
		77D6FB171A09CD0900E06D29 /* ZXAccount+ZXclient.m in Sources */ = {isa = PBXBuildFile; fileRef = 77D6FB161A09CD0900E06D29 /* ZXAccount+ZXclient.m */; };
		77D6FB1D1A09F6CF00E06D29 /* JSONValueTransformer+ZXBoolFromNumber.m in Sources */ = {isa = PBXBuildFile; fileRef = 77D6FB1C1A09F6CF00E06D29 /* JSONValueTransformer+ZXBoolFromNumber.m */; };
		AB5F891F6F6697810FA45770 /* libPods.a in Frameworks */ = {isa = PBXBuildFile; fileRef = 05C2CB8E19B222855A4FD920 /* libPods.a */; };
/* End PBXBuildFile section */

/* Begin PBXContainerItemProxy section */
		77D6FADF1A09ADD800E06D29 /* PBXContainerItemProxy */ = {
			isa = PBXContainerItemProxy;
			containerPortal = 77D6FABD1A09ADD800E06D29 /* Project object */;
			proxyType = 1;
			remoteGlobalIDString = 77D6FAC41A09ADD800E06D29;
			remoteInfo = Aier360;
		};
/* End PBXContainerItemProxy section */

/* Begin PBXFileReference section */
		05C2CB8E19B222855A4FD920 /* libPods.a */ = {isa = PBXFileReference; explicitFileType = archive.ar; includeInIndex = 0; path = libPods.a; sourceTree = BUILT_PRODUCTS_DIR; };
		2EA894B9C03258BD24789729 /* Pods.release.xcconfig */ = {isa = PBXFileReference; includeInIndex = 1; lastKnownFileType = text.xcconfig; name = Pods.release.xcconfig; path = "Pods/Target Support Files/Pods/Pods.release.xcconfig"; sourceTree = "<group>"; };
		5D8A4C158BDED110B3CC2BD9 /* Pods.debug.xcconfig */ = {isa = PBXFileReference; includeInIndex = 1; lastKnownFileType = text.xcconfig; name = Pods.debug.xcconfig; path = "Pods/Target Support Files/Pods/Pods.debug.xcconfig"; sourceTree = "<group>"; };
		77D6FAC51A09ADD800E06D29 /* Aier360.app */ = {isa = PBXFileReference; explicitFileType = wrapper.application; includeInIndex = 0; path = Aier360.app; sourceTree = BUILT_PRODUCTS_DIR; };
		77D6FAD31A09ADD800E06D29 /* Base */ = {isa = PBXFileReference; lastKnownFileType = file.storyboard; name = Base; path = Base.lproj/Main.storyboard; sourceTree = "<group>"; };
		77D6FAD51A09ADD800E06D29 /* Images.xcassets */ = {isa = PBXFileReference; lastKnownFileType = folder.assetcatalog; path = Images.xcassets; sourceTree = "<group>"; };
		77D6FAD81A09ADD800E06D29 /* Base */ = {isa = PBXFileReference; lastKnownFileType = file.xib; name = Base; path = Base.lproj/LaunchScreen.xib; sourceTree = "<group>"; };
		77D6FADE1A09ADD800E06D29 /* Aier360Tests.xctest */ = {isa = PBXFileReference; explicitFileType = wrapper.cfbundle; includeInIndex = 0; path = Aier360Tests.xctest; sourceTree = BUILT_PRODUCTS_DIR; };
		77D6FAE31A09ADD800E06D29 /* Info.plist */ = {isa = PBXFileReference; lastKnownFileType = text.plist.xml; path = Info.plist; sourceTree = "<group>"; };
		77D6FAE41A09ADD800E06D29 /* Aier360Tests.m */ = {isa = PBXFileReference; lastKnownFileType = sourcecode.c.objc; path = Aier360Tests.m; sourceTree = "<group>"; };
		77D6FAEF1A09B19C00E06D29 /* AppDelegate.h */ = {isa = PBXFileReference; fileEncoding = 4; lastKnownFileType = sourcecode.c.h; path = AppDelegate.h; sourceTree = "<group>"; };
		77D6FAF01A09B19C00E06D29 /* AppDelegate.m */ = {isa = PBXFileReference; fileEncoding = 4; lastKnownFileType = sourcecode.c.objc; path = AppDelegate.m; sourceTree = "<group>"; };
		77D6FAF21A09B19C00E06D29 /* ViewController.h */ = {isa = PBXFileReference; fileEncoding = 4; lastKnownFileType = sourcecode.c.h; path = ViewController.h; sourceTree = "<group>"; };
		77D6FAF31A09B19C00E06D29 /* ViewController.m */ = {isa = PBXFileReference; fileEncoding = 4; lastKnownFileType = sourcecode.c.objc; path = ViewController.m; sourceTree = "<group>"; };
		77D6FB031A09B3DA00E06D29 /* Info.plist */ = {isa = PBXFileReference; fileEncoding = 4; lastKnownFileType = text.plist.xml; path = Info.plist; sourceTree = "<group>"; };
		77D6FB041A09B3DA00E06D29 /* main.m */ = {isa = PBXFileReference; fileEncoding = 4; lastKnownFileType = sourcecode.c.objc; path = main.m; sourceTree = "<group>"; };
		77D6FB071A09B57E00E06D29 /* BaseModel.h */ = {isa = PBXFileReference; fileEncoding = 4; lastKnownFileType = sourcecode.c.h; path = BaseModel.h; sourceTree = "<group>"; };
		77D6FB081A09B57E00E06D29 /* BaseModel.m */ = {isa = PBXFileReference; fileEncoding = 4; lastKnownFileType = sourcecode.c.objc; path = BaseModel.m; sourceTree = "<group>"; };
		77D6FB0A1A09BAE100E06D29 /* ZXUser.h */ = {isa = PBXFileReference; fileEncoding = 4; lastKnownFileType = sourcecode.c.h; path = ZXUser.h; sourceTree = "<group>"; };
		77D6FB0B1A09BAE100E06D29 /* ZXUser.m */ = {isa = PBXFileReference; fileEncoding = 4; lastKnownFileType = sourcecode.c.objc; path = ZXUser.m; sourceTree = "<group>"; };
		77D6FB0F1A09C9ED00E06D29 /* ZXApiClient.h */ = {isa = PBXFileReference; fileEncoding = 4; lastKnownFileType = sourcecode.c.h; path = ZXApiClient.h; sourceTree = "<group>"; };
		77D6FB101A09C9ED00E06D29 /* ZXApiClient.m */ = {isa = PBXFileReference; fileEncoding = 4; lastKnownFileType = sourcecode.c.objc; path = ZXApiClient.m; sourceTree = "<group>"; };
		77D6FB121A09CCB700E06D29 /* ZXAccount.h */ = {isa = PBXFileReference; fileEncoding = 4; lastKnownFileType = sourcecode.c.h; path = ZXAccount.h; sourceTree = "<group>"; };
		77D6FB131A09CCB700E06D29 /* ZXAccount.m */ = {isa = PBXFileReference; fileEncoding = 4; lastKnownFileType = sourcecode.c.objc; path = ZXAccount.m; sourceTree = "<group>"; };
		77D6FB151A09CD0900E06D29 /* ZXAccount+ZXclient.h */ = {isa = PBXFileReference; fileEncoding = 4; lastKnownFileType = sourcecode.c.h; path = "ZXAccount+ZXclient.h"; sourceTree = "<group>"; };
		77D6FB161A09CD0900E06D29 /* ZXAccount+ZXclient.m */ = {isa = PBXFileReference; fileEncoding = 4; lastKnownFileType = sourcecode.c.objc; path = "ZXAccount+ZXclient.m"; sourceTree = "<group>"; };
		77D6FB1B1A09F6CF00E06D29 /* JSONValueTransformer+ZXBoolFromNumber.h */ = {isa = PBXFileReference; fileEncoding = 4; lastKnownFileType = sourcecode.c.h; path = "JSONValueTransformer+ZXBoolFromNumber.h"; sourceTree = "<group>"; };
		77D6FB1C1A09F6CF00E06D29 /* JSONValueTransformer+ZXBoolFromNumber.m */ = {isa = PBXFileReference; fileEncoding = 4; lastKnownFileType = sourcecode.c.objc; path = "JSONValueTransformer+ZXBoolFromNumber.m"; sourceTree = "<group>"; };
/* End PBXFileReference section */

/* Begin PBXFrameworksBuildPhase section */
		77D6FAC21A09ADD800E06D29 /* Frameworks */ = {
			isa = PBXFrameworksBuildPhase;
			buildActionMask = 2147483647;
			files = (
				AB5F891F6F6697810FA45770 /* libPods.a in Frameworks */,
			);
			runOnlyForDeploymentPostprocessing = 0;
		};
		77D6FADB1A09ADD800E06D29 /* Frameworks */ = {
			isa = PBXFrameworksBuildPhase;
			buildActionMask = 2147483647;
			files = (
			);
			runOnlyForDeploymentPostprocessing = 0;
		};
/* End PBXFrameworksBuildPhase section */

/* Begin PBXGroup section */
		0C6DBC5B1FE1599793B8EA92 /* Pods */ = {
			isa = PBXGroup;
			children = (
				5D8A4C158BDED110B3CC2BD9 /* Pods.debug.xcconfig */,
				2EA894B9C03258BD24789729 /* Pods.release.xcconfig */,
			);
			name = Pods;
			sourceTree = "<group>";
		};
		77D6FABC1A09ADD800E06D29 = {
			isa = PBXGroup;
			children = (
				77D6FAC71A09ADD800E06D29 /* Aier360 */,
				77D6FAE11A09ADD800E06D29 /* Aier360Tests */,
				77D6FAC61A09ADD800E06D29 /* Products */,
				0C6DBC5B1FE1599793B8EA92 /* Pods */,
				E06E86F7249E7B0854405341 /* Frameworks */,
			);
			sourceTree = "<group>";
		};
		77D6FAC61A09ADD800E06D29 /* Products */ = {
			isa = PBXGroup;
			children = (
				77D6FAC51A09ADD800E06D29 /* Aier360.app */,
				77D6FADE1A09ADD800E06D29 /* Aier360Tests.xctest */,
			);
			name = Products;
			sourceTree = "<group>";
		};
		77D6FAC71A09ADD800E06D29 /* Aier360 */ = {
			isa = PBXGroup;
			children = (
				77D6FB0E1A09C99D00E06D29 /* HTTPClient */,
				77D6FB021A09B3DA00E06D29 /* Support Files */,
				77D6FAEE1A09B19C00E06D29 /* AppDelegate */,
				77D6FAF11A09B19C00E06D29 /* Controllers */,
				77D6FAF41A09B19C00E06D29 /* General */,
				77D6FAF51A09B19C00E06D29 /* Helpers */,
				77D6FAF61A09B19C00E06D29 /* Macro */,
				77D6FAF71A09B19C00E06D29 /* Models */,
				77D6FAF81A09B19C00E06D29 /* Resources */,
				77D6FAFC1A09B19C00E06D29 /* Vendors */,
				77D6FAFD1A09B19C00E06D29 /* Views */,
				77D6FAD21A09ADD800E06D29 /* Main.storyboard */,
				77D6FAD51A09ADD800E06D29 /* Images.xcassets */,
				77D6FAD71A09ADD800E06D29 /* LaunchScreen.xib */,
			);
			path = Aier360;
			sourceTree = "<group>";
		};
		77D6FAE11A09ADD800E06D29 /* Aier360Tests */ = {
			isa = PBXGroup;
			children = (
				77D6FAE41A09ADD800E06D29 /* Aier360Tests.m */,
				77D6FAE21A09ADD800E06D29 /* Supporting Files */,
			);
			path = Aier360Tests;
			sourceTree = "<group>";
		};
		77D6FAE21A09ADD800E06D29 /* Supporting Files */ = {
			isa = PBXGroup;
			children = (
				77D6FAE31A09ADD800E06D29 /* Info.plist */,
			);
			name = "Supporting Files";
			sourceTree = "<group>";
		};
		77D6FAEE1A09B19C00E06D29 /* AppDelegate */ = {
			isa = PBXGroup;
			children = (
				77D6FAEF1A09B19C00E06D29 /* AppDelegate.h */,
				77D6FAF01A09B19C00E06D29 /* AppDelegate.m */,
			);
			path = AppDelegate;
			sourceTree = "<group>";
		};
		77D6FAF11A09B19C00E06D29 /* Controllers */ = {
			isa = PBXGroup;
			children = (
				77D6FAF21A09B19C00E06D29 /* ViewController.h */,
				77D6FAF31A09B19C00E06D29 /* ViewController.m */,
			);
			path = Controllers;
			sourceTree = "<group>";
		};
		77D6FAF41A09B19C00E06D29 /* General */ = {
			isa = PBXGroup;
			children = (
				77D6FB1B1A09F6CF00E06D29 /* JSONValueTransformer+ZXBoolFromNumber.h */,
				77D6FB1C1A09F6CF00E06D29 /* JSONValueTransformer+ZXBoolFromNumber.m */,
			);
			path = General;
			sourceTree = "<group>";
		};
		77D6FAF51A09B19C00E06D29 /* Helpers */ = {
			isa = PBXGroup;
			children = (
			);
			path = Helpers;
			sourceTree = "<group>";
		};
		77D6FAF61A09B19C00E06D29 /* Macro */ = {
			isa = PBXGroup;
			children = (
			);
			path = Macro;
			sourceTree = "<group>";
		};
		77D6FAF71A09B19C00E06D29 /* Models */ = {
			isa = PBXGroup;
			children = (
				77D6FB071A09B57E00E06D29 /* BaseModel.h */,
				77D6FB081A09B57E00E06D29 /* BaseModel.m */,
				77D6FB0A1A09BAE100E06D29 /* ZXUser.h */,
				77D6FB0B1A09BAE100E06D29 /* ZXUser.m */,
				77D6FB121A09CCB700E06D29 /* ZXAccount.h */,
				77D6FB131A09CCB700E06D29 /* ZXAccount.m */,
			);
			path = Models;
			sourceTree = "<group>";
		};
		77D6FAF81A09B19C00E06D29 /* Resources */ = {
			isa = PBXGroup;
			children = (
			);
			path = Resources;
			sourceTree = "<group>";
		};
		77D6FAFC1A09B19C00E06D29 /* Vendors */ = {
			isa = PBXGroup;
			children = (
			);
			path = Vendors;
			sourceTree = "<group>";
		};
		77D6FAFD1A09B19C00E06D29 /* Views */ = {
			isa = PBXGroup;
			children = (
			);
			path = Views;
			sourceTree = "<group>";
		};
		77D6FB021A09B3DA00E06D29 /* Support Files */ = {
			isa = PBXGroup;
			children = (
				77D6FB031A09B3DA00E06D29 /* Info.plist */,
				77D6FB041A09B3DA00E06D29 /* main.m */,
			);
			path = "Support Files";
			sourceTree = "<group>";
		};
		77D6FB0E1A09C99D00E06D29 /* HTTPClient */ = {
			isa = PBXGroup;
			children = (
				77D6FB0F1A09C9ED00E06D29 /* ZXApiClient.h */,
				77D6FB101A09C9ED00E06D29 /* ZXApiClient.m */,
				77D6FB151A09CD0900E06D29 /* ZXAccount+ZXclient.h */,
				77D6FB161A09CD0900E06D29 /* ZXAccount+ZXclient.m */,
			);
			path = HTTPClient;
			sourceTree = "<group>";
		};
		E06E86F7249E7B0854405341 /* Frameworks */ = {
			isa = PBXGroup;
			children = (
				05C2CB8E19B222855A4FD920 /* libPods.a */,
			);
			name = Frameworks;
			sourceTree = "<group>";
		};
/* End PBXGroup section */

/* Begin PBXNativeTarget section */
		77D6FAC41A09ADD800E06D29 /* Aier360 */ = {
			isa = PBXNativeTarget;
			buildConfigurationList = 77D6FAE81A09ADD800E06D29 /* Build configuration list for PBXNativeTarget "Aier360" */;
			buildPhases = (
				F133A0B7EB24D2DCA114867B /* Check Pods Manifest.lock */,
				77D6FAC11A09ADD800E06D29 /* Sources */,
				77D6FAC21A09ADD800E06D29 /* Frameworks */,
				77D6FAC31A09ADD800E06D29 /* Resources */,
				D798290F00E255150B093233 /* Copy Pods Resources */,
			);
			buildRules = (
			);
			dependencies = (
			);
			name = Aier360;
			productName = Aier360;
			productReference = 77D6FAC51A09ADD800E06D29 /* Aier360.app */;
			productType = "com.apple.product-type.application";
		};
		77D6FADD1A09ADD800E06D29 /* Aier360Tests */ = {
			isa = PBXNativeTarget;
			buildConfigurationList = 77D6FAEB1A09ADD800E06D29 /* Build configuration list for PBXNativeTarget "Aier360Tests" */;
			buildPhases = (
				77D6FADA1A09ADD800E06D29 /* Sources */,
				77D6FADB1A09ADD800E06D29 /* Frameworks */,
				77D6FADC1A09ADD800E06D29 /* Resources */,
			);
			buildRules = (
			);
			dependencies = (
				77D6FAE01A09ADD800E06D29 /* PBXTargetDependency */,
			);
			name = Aier360Tests;
			productName = Aier360Tests;
			productReference = 77D6FADE1A09ADD800E06D29 /* Aier360Tests.xctest */;
			productType = "com.apple.product-type.bundle.unit-test";
		};
/* End PBXNativeTarget section */

/* Begin PBXProject section */
		77D6FABD1A09ADD800E06D29 /* Project object */ = {
			isa = PBXProject;
			attributes = {
				CLASSPREFIX = ZX;
				LastUpgradeCheck = 0610;
				ORGANIZATIONNAME = "Zhixing Internet of Things Technology Co., Ltd.";
				TargetAttributes = {
					77D6FAC41A09ADD800E06D29 = {
						CreatedOnToolsVersion = 6.1;
						DevelopmentTeam = VS8EUK3TBC;
					};
					77D6FADD1A09ADD800E06D29 = {
						CreatedOnToolsVersion = 6.1;
						TestTargetID = 77D6FAC41A09ADD800E06D29;
					};
				};
			};
			buildConfigurationList = 77D6FAC01A09ADD800E06D29 /* Build configuration list for PBXProject "Aier360" */;
			compatibilityVersion = "Xcode 3.2";
			developmentRegion = English;
			hasScannedForEncodings = 0;
			knownRegions = (
				en,
				Base,
			);
			mainGroup = 77D6FABC1A09ADD800E06D29;
			productRefGroup = 77D6FAC61A09ADD800E06D29 /* Products */;
			projectDirPath = "";
			projectRoot = "";
			targets = (
				77D6FAC41A09ADD800E06D29 /* Aier360 */,
				77D6FADD1A09ADD800E06D29 /* Aier360Tests */,
			);
		};
/* End PBXProject section */

/* Begin PBXResourcesBuildPhase section */
		77D6FAC31A09ADD800E06D29 /* Resources */ = {
			isa = PBXResourcesBuildPhase;
			buildActionMask = 2147483647;
			files = (
				77D6FB051A09B3DA00E06D29 /* Info.plist in Resources */,
				77D6FAD41A09ADD800E06D29 /* Main.storyboard in Resources */,
				77D6FAD91A09ADD800E06D29 /* LaunchScreen.xib in Resources */,
				77D6FAD61A09ADD800E06D29 /* Images.xcassets in Resources */,
			);
			runOnlyForDeploymentPostprocessing = 0;
		};
		77D6FADC1A09ADD800E06D29 /* Resources */ = {
			isa = PBXResourcesBuildPhase;
			buildActionMask = 2147483647;
			files = (
			);
			runOnlyForDeploymentPostprocessing = 0;
		};
/* End PBXResourcesBuildPhase section */

/* Begin PBXShellScriptBuildPhase section */
		D798290F00E255150B093233 /* Copy Pods Resources */ = {
			isa = PBXShellScriptBuildPhase;
			buildActionMask = 2147483647;
			files = (
			);
			inputPaths = (
			);
			name = "Copy Pods Resources";
			outputPaths = (
			);
			runOnlyForDeploymentPostprocessing = 0;
			shellPath = /bin/sh;
			shellScript = "\"${SRCROOT}/Pods/Target Support Files/Pods/Pods-resources.sh\"\n";
			showEnvVarsInLog = 0;
		};
		F133A0B7EB24D2DCA114867B /* Check Pods Manifest.lock */ = {
			isa = PBXShellScriptBuildPhase;
			buildActionMask = 2147483647;
			files = (
			);
			inputPaths = (
			);
			name = "Check Pods Manifest.lock";
			outputPaths = (
			);
			runOnlyForDeploymentPostprocessing = 0;
			shellPath = /bin/sh;
			shellScript = "diff \"${PODS_ROOT}/../Podfile.lock\" \"${PODS_ROOT}/Manifest.lock\" > /dev/null\nif [[ $? != 0 ]] ; then\n    cat << EOM\nerror: The sandbox is not in sync with the Podfile.lock. Run 'pod install' or update your CocoaPods installation.\nEOM\n    exit 1\nfi\n";
			showEnvVarsInLog = 0;
		};
/* End PBXShellScriptBuildPhase section */

/* Begin PBXSourcesBuildPhase section */
		77D6FAC11A09ADD800E06D29 /* Sources */ = {
			isa = PBXSourcesBuildPhase;
			buildActionMask = 2147483647;
			files = (
				77D6FAFF1A09B19C00E06D29 /* ViewController.m in Sources */,
				77D6FB1D1A09F6CF00E06D29 /* JSONValueTransformer+ZXBoolFromNumber.m in Sources */,
				77D6FB061A09B3DA00E06D29 /* main.m in Sources */,
				77D6FB171A09CD0900E06D29 /* ZXAccount+ZXclient.m in Sources */,
				77D6FB091A09B57E00E06D29 /* BaseModel.m in Sources */,
				77D6FB141A09CCB700E06D29 /* ZXAccount.m in Sources */,
				77D6FB111A09C9ED00E06D29 /* ZXApiClient.m in Sources */,
				77D6FAFE1A09B19C00E06D29 /* AppDelegate.m in Sources */,
				77D6FB0C1A09BAE100E06D29 /* ZXUser.m in Sources */,
			);
			runOnlyForDeploymentPostprocessing = 0;
		};
		77D6FADA1A09ADD800E06D29 /* Sources */ = {
			isa = PBXSourcesBuildPhase;
			buildActionMask = 2147483647;
			files = (
				77D6FAE51A09ADD800E06D29 /* Aier360Tests.m in Sources */,
			);
			runOnlyForDeploymentPostprocessing = 0;
		};
/* End PBXSourcesBuildPhase section */

/* Begin PBXTargetDependency section */
		77D6FAE01A09ADD800E06D29 /* PBXTargetDependency */ = {
			isa = PBXTargetDependency;
			target = 77D6FAC41A09ADD800E06D29 /* Aier360 */;
			targetProxy = 77D6FADF1A09ADD800E06D29 /* PBXContainerItemProxy */;
		};
/* End PBXTargetDependency section */

/* Begin PBXVariantGroup section */
		77D6FAD21A09ADD800E06D29 /* Main.storyboard */ = {
			isa = PBXVariantGroup;
			children = (
				77D6FAD31A09ADD800E06D29 /* Base */,
			);
			name = Main.storyboard;
			sourceTree = "<group>";
		};
		77D6FAD71A09ADD800E06D29 /* LaunchScreen.xib */ = {
			isa = PBXVariantGroup;
			children = (
				77D6FAD81A09ADD800E06D29 /* Base */,
			);
			name = LaunchScreen.xib;
			sourceTree = "<group>";
		};
/* End PBXVariantGroup section */

/* Begin XCBuildConfiguration section */
		77D6FAE61A09ADD800E06D29 /* Debug */ = {
			isa = XCBuildConfiguration;
			buildSettings = {
				ALWAYS_SEARCH_USER_PATHS = NO;
				CLANG_CXX_LANGUAGE_STANDARD = "gnu++0x";
				CLANG_CXX_LIBRARY = "libc++";
				CLANG_ENABLE_MODULES = YES;
				CLANG_ENABLE_OBJC_ARC = YES;
				CLANG_WARN_BOOL_CONVERSION = YES;
				CLANG_WARN_CONSTANT_CONVERSION = YES;
				CLANG_WARN_DIRECT_OBJC_ISA_USAGE = YES_ERROR;
				CLANG_WARN_EMPTY_BODY = YES;
				CLANG_WARN_ENUM_CONVERSION = YES;
				CLANG_WARN_INT_CONVERSION = YES;
				CLANG_WARN_OBJC_ROOT_CLASS = YES_ERROR;
				CLANG_WARN_UNREACHABLE_CODE = YES;
				CLANG_WARN__DUPLICATE_METHOD_MATCH = YES;
				"CODE_SIGN_IDENTITY[sdk=iphoneos*]" = "iPhone Developer";
				COPY_PHASE_STRIP = NO;
				ENABLE_STRICT_OBJC_MSGSEND = YES;
				GCC_C_LANGUAGE_STANDARD = gnu99;
				GCC_DYNAMIC_NO_PIC = NO;
				GCC_OPTIMIZATION_LEVEL = 0;
				GCC_PREPROCESSOR_DEFINITIONS = (
					"DEBUG=1",
					"$(inherited)",
				);
				GCC_SYMBOLS_PRIVATE_EXTERN = NO;
				GCC_WARN_64_TO_32_BIT_CONVERSION = YES;
				GCC_WARN_ABOUT_RETURN_TYPE = YES_ERROR;
				GCC_WARN_UNDECLARED_SELECTOR = YES;
				GCC_WARN_UNINITIALIZED_AUTOS = YES_AGGRESSIVE;
				GCC_WARN_UNUSED_FUNCTION = YES;
				GCC_WARN_UNUSED_VARIABLE = YES;
				IPHONEOS_DEPLOYMENT_TARGET = 7.0;
				MTL_ENABLE_DEBUG_INFO = YES;
				ONLY_ACTIVE_ARCH = YES;
				SDKROOT = iphoneos;
			};
			name = Debug;
		};
		77D6FAE71A09ADD800E06D29 /* Release */ = {
			isa = XCBuildConfiguration;
			buildSettings = {
				ALWAYS_SEARCH_USER_PATHS = NO;
				CLANG_CXX_LANGUAGE_STANDARD = "gnu++0x";
				CLANG_CXX_LIBRARY = "libc++";
				CLANG_ENABLE_MODULES = YES;
				CLANG_ENABLE_OBJC_ARC = YES;
				CLANG_WARN_BOOL_CONVERSION = YES;
				CLANG_WARN_CONSTANT_CONVERSION = YES;
				CLANG_WARN_DIRECT_OBJC_ISA_USAGE = YES_ERROR;
				CLANG_WARN_EMPTY_BODY = YES;
				CLANG_WARN_ENUM_CONVERSION = YES;
				CLANG_WARN_INT_CONVERSION = YES;
				CLANG_WARN_OBJC_ROOT_CLASS = YES_ERROR;
				CLANG_WARN_UNREACHABLE_CODE = YES;
				CLANG_WARN__DUPLICATE_METHOD_MATCH = YES;
				"CODE_SIGN_IDENTITY[sdk=iphoneos*]" = "iPhone Developer";
				COPY_PHASE_STRIP = YES;
				ENABLE_NS_ASSERTIONS = NO;
				ENABLE_STRICT_OBJC_MSGSEND = YES;
				GCC_C_LANGUAGE_STANDARD = gnu99;
				GCC_WARN_64_TO_32_BIT_CONVERSION = YES;
				GCC_WARN_ABOUT_RETURN_TYPE = YES_ERROR;
				GCC_WARN_UNDECLARED_SELECTOR = YES;
				GCC_WARN_UNINITIALIZED_AUTOS = YES_AGGRESSIVE;
				GCC_WARN_UNUSED_FUNCTION = YES;
				GCC_WARN_UNUSED_VARIABLE = YES;
				IPHONEOS_DEPLOYMENT_TARGET = 7.0;
				MTL_ENABLE_DEBUG_INFO = NO;
				SDKROOT = iphoneos;
				VALIDATE_PRODUCT = YES;
			};
			name = Release;
		};
		77D6FAE91A09ADD800E06D29 /* Debug */ = {
			isa = XCBuildConfiguration;
			baseConfigurationReference = 5D8A4C158BDED110B3CC2BD9 /* Pods.debug.xcconfig */;
			buildSettings = {
				ASSETCATALOG_COMPILER_APPICON_NAME = AppIcon;
				CODE_SIGN_IDENTITY = "iPhone Developer";
				INFOPLIST_FILE = "Aier360/Support Files/Info.plist";
				IPHONEOS_DEPLOYMENT_TARGET = 7.0;
				LD_RUNPATH_SEARCH_PATHS = "$(inherited) @executable_path/Frameworks";
				PRODUCT_NAME = "$(TARGET_NAME)";
			};
			name = Debug;
		};
		77D6FAEA1A09ADD800E06D29 /* Release */ = {
			isa = XCBuildConfiguration;
			baseConfigurationReference = 2EA894B9C03258BD24789729 /* Pods.release.xcconfig */;
			buildSettings = {
				ASSETCATALOG_COMPILER_APPICON_NAME = AppIcon;
				CODE_SIGN_IDENTITY = "iPhone Developer";
				INFOPLIST_FILE = "Aier360/Support Files/Info.plist";
				IPHONEOS_DEPLOYMENT_TARGET = 7.0;
				LD_RUNPATH_SEARCH_PATHS = "$(inherited) @executable_path/Frameworks";
				PRODUCT_NAME = "$(TARGET_NAME)";
			};
			name = Release;
		};
		77D6FAEC1A09ADD800E06D29 /* Debug */ = {
			isa = XCBuildConfiguration;
			buildSettings = {
				BUNDLE_LOADER = "$(TEST_HOST)";
				FRAMEWORK_SEARCH_PATHS = (
					"$(SDKROOT)/Developer/Library/Frameworks",
					"$(inherited)",
				);
				GCC_PREPROCESSOR_DEFINITIONS = (
					"DEBUG=1",
					"$(inherited)",
				);
				INFOPLIST_FILE = Aier360Tests/Info.plist;
				LD_RUNPATH_SEARCH_PATHS = "$(inherited) @executable_path/Frameworks @loader_path/Frameworks";
				PRODUCT_NAME = "$(TARGET_NAME)";
				TEST_HOST = "$(BUILT_PRODUCTS_DIR)/Aier360.app/Aier360";
			};
			name = Debug;
		};
		77D6FAED1A09ADD800E06D29 /* Release */ = {
			isa = XCBuildConfiguration;
			buildSettings = {
				BUNDLE_LOADER = "$(TEST_HOST)";
				FRAMEWORK_SEARCH_PATHS = (
					"$(SDKROOT)/Developer/Library/Frameworks",
					"$(inherited)",
				);
				INFOPLIST_FILE = Aier360Tests/Info.plist;
				LD_RUNPATH_SEARCH_PATHS = "$(inherited) @executable_path/Frameworks @loader_path/Frameworks";
				PRODUCT_NAME = "$(TARGET_NAME)";
				TEST_HOST = "$(BUILT_PRODUCTS_DIR)/Aier360.app/Aier360";
			};
			name = Release;
		};
/* End XCBuildConfiguration section */

/* Begin XCConfigurationList section */
		77D6FAC01A09ADD800E06D29 /* Build configuration list for PBXProject "Aier360" */ = {
			isa = XCConfigurationList;
			buildConfigurations = (
				77D6FAE61A09ADD800E06D29 /* Debug */,
				77D6FAE71A09ADD800E06D29 /* Release */,
			);
			defaultConfigurationIsVisible = 0;
			defaultConfigurationName = Release;
		};
		77D6FAE81A09ADD800E06D29 /* Build configuration list for PBXNativeTarget "Aier360" */ = {
			isa = XCConfigurationList;
			buildConfigurations = (
				77D6FAE91A09ADD800E06D29 /* Debug */,
				77D6FAEA1A09ADD800E06D29 /* Release */,
			);
			defaultConfigurationIsVisible = 0;
			defaultConfigurationName = Release;
		};
		77D6FAEB1A09ADD800E06D29 /* Build configuration list for PBXNativeTarget "Aier360Tests" */ = {
			isa = XCConfigurationList;
			buildConfigurations = (
				77D6FAEC1A09ADD800E06D29 /* Debug */,
				77D6FAED1A09ADD800E06D29 /* Release */,
			);
			defaultConfigurationIsVisible = 0;
			defaultConfigurationName = Release;
		};
/* End XCConfigurationList section */
	};
	rootObject = 77D6FABD1A09ADD800E06D29 /* Project object */;
}
