// !$*UTF8*$!
{
	archiveVersion = 1;
	classes = {
	};
	objectVersion = 46;
	objects = {

/* Begin PBXBuildFile section */
		77B1DA0E1A1053A300EFE21B /* ZXBaseViewController.m in Sources */ = {isa = PBXBuildFile; fileRef = 77B1DA091A1053A300EFE21B /* ZXBaseViewController.m */; };
		77B1DA0F1A1053A300EFE21B /* ZXRefreshCollectionViewController.m in Sources */ = {isa = PBXBuildFile; fileRef = 77B1DA0B1A1053A300EFE21B /* ZXRefreshCollectionViewController.m */; };
		77B1DA101A1053A300EFE21B /* ZXRefreshTableViewController.m in Sources */ = {isa = PBXBuildFile; fileRef = 77B1DA0D1A1053A300EFE21B /* ZXRefreshTableViewController.m */; };
		77B1DA171A10547900EFE21B /* ZXLoginViewController.m in Sources */ = {isa = PBXBuildFile; fileRef = 77B1DA161A10547900EFE21B /* ZXLoginViewController.m */; };
		77B1DA1A1A10564400EFE21B /* ZXValidateHelper.m in Sources */ = {isa = PBXBuildFile; fileRef = 77B1DA191A10564400EFE21B /* ZXValidateHelper.m */; };
		77B1DA221A10634600EFE21B /* MBProgressHUD+ZXAdditon.m in Sources */ = {isa = PBXBuildFile; fileRef = 77B1DA201A10634600EFE21B /* MBProgressHUD+ZXAdditon.m */; };
		77B1DA231A10634600EFE21B /* ProgressHUD.bundle in Resources */ = {isa = PBXBuildFile; fileRef = 77B1DA211A10634600EFE21B /* ProgressHUD.bundle */; };
		77B1DA261A10639800EFE21B /* UIImage+SZBundleImage.m in Sources */ = {isa = PBXBuildFile; fileRef = 77B1DA251A10639800EFE21B /* UIImage+SZBundleImage.m */; };
		77B1DA2D1A108F4F00EFE21B /* Discovery.storyboard in Resources */ = {isa = PBXBuildFile; fileRef = 77B1DA2C1A108F4F00EFE21B /* Discovery.storyboard */; };
		77B1DA2F1A108F6700EFE21B /* Contacts.storyboard in Resources */ = {isa = PBXBuildFile; fileRef = 77B1DA2E1A108F6700EFE21B /* Contacts.storyboard */; };
		77B1DA311A108F7300EFE21B /* Mine.storyboard in Resources */ = {isa = PBXBuildFile; fileRef = 77B1DA301A108F7300EFE21B /* Mine.storyboard */; };
		77B1DA331A108F8D00EFE21B /* Message.storyboard in Resources */ = {isa = PBXBuildFile; fileRef = 77B1DA321A108F8D00EFE21B /* Message.storyboard */; };
		77B1DA351A108F9600EFE21B /* School.storyboard in Resources */ = {isa = PBXBuildFile; fileRef = 77B1DA341A108F9600EFE21B /* School.storyboard */; };
		77B1DA381A10972F00EFE21B /* MBProgressHUD+ZXLazy.m in Sources */ = {isa = PBXBuildFile; fileRef = 77B1DA371A10972F00EFE21B /* MBProgressHUD+ZXLazy.m */; };
		77B1DA3B1A109DE300EFE21B /* ZXSchoolMenuViewController.m in Sources */ = {isa = PBXBuildFile; fileRef = 77B1DA3A1A109DE300EFE21B /* ZXSchoolMenuViewController.m */; };
		77C174B91A0C9DC8005F724A /* MJRefresh.bundle in Resources */ = {isa = PBXBuildFile; fileRef = 77C174A91A0C9DC8005F724A /* MJRefresh.bundle */; };
		77C174BA1A0C9DC8005F724A /* MJRefreshBaseView.m in Sources */ = {isa = PBXBuildFile; fileRef = 77C174AC1A0C9DC8005F724A /* MJRefreshBaseView.m */; };
		77C174BB1A0C9DC8005F724A /* MJRefreshConst.m in Sources */ = {isa = PBXBuildFile; fileRef = 77C174AE1A0C9DC8005F724A /* MJRefreshConst.m */; };
		77C174BC1A0C9DC8005F724A /* MJRefreshFooterView.m in Sources */ = {isa = PBXBuildFile; fileRef = 77C174B01A0C9DC8005F724A /* MJRefreshFooterView.m */; };
		77C174BD1A0C9DC8005F724A /* MJRefreshHeaderView.m in Sources */ = {isa = PBXBuildFile; fileRef = 77C174B21A0C9DC8005F724A /* MJRefreshHeaderView.m */; };
		77C174BE1A0C9DC8005F724A /* UIScrollView+MJExtension.m in Sources */ = {isa = PBXBuildFile; fileRef = 77C174B41A0C9DC8005F724A /* UIScrollView+MJExtension.m */; };
		77C174BF1A0C9DC8005F724A /* UIScrollView+MJRefresh.m in Sources */ = {isa = PBXBuildFile; fileRef = 77C174B61A0C9DC8005F724A /* UIScrollView+MJRefresh.m */; };
		77C174C01A0C9DC8005F724A /* UIView+MJExtension.m in Sources */ = {isa = PBXBuildFile; fileRef = 77C174B81A0C9DC8005F724A /* UIView+MJExtension.m */; };
		77C174C91A0C9F32005F724A /* UITableView+ZXTableViewLine.m in Sources */ = {isa = PBXBuildFile; fileRef = 77C174C81A0C9F32005F724A /* UITableView+ZXTableViewLine.m */; };
		77C174D11A0CA978005F724A /* RDVTabBar.m in Sources */ = {isa = PBXBuildFile; fileRef = 77C174CC1A0CA978005F724A /* RDVTabBar.m */; };
		77C174D21A0CA978005F724A /* RDVTabBarController.m in Sources */ = {isa = PBXBuildFile; fileRef = 77C174CE1A0CA978005F724A /* RDVTabBarController.m */; };
		77C174D31A0CA978005F724A /* RDVTabBarItem.m in Sources */ = {isa = PBXBuildFile; fileRef = 77C174D01A0CA978005F724A /* RDVTabBarItem.m */; };
		77C45DED1A0B037700A3285D /* ZXClass.m in Sources */ = {isa = PBXBuildFile; fileRef = 77C45DEC1A0B037700A3285D /* ZXClass.m */; };
		77C45DF01A0B038B00A3285D /* ZXSchool.m in Sources */ = {isa = PBXBuildFile; fileRef = 77C45DEF1A0B038B00A3285D /* ZXSchool.m */; };
		77C45DF31A0B0BB700A3285D /* ZXAppStateInfo.m in Sources */ = {isa = PBXBuildFile; fileRef = 77C45DF21A0B0BB700A3285D /* ZXAppStateInfo.m */; };
		77C45E0D1A0B405700A3285D /* MJArgument.m in Sources */ = {isa = PBXBuildFile; fileRef = 77C45DF71A0B405700A3285D /* MJArgument.m */; };
		77C45E0E1A0B405700A3285D /* MJConst.m in Sources */ = {isa = PBXBuildFile; fileRef = 77C45DF91A0B405700A3285D /* MJConst.m */; };
		77C45E0F1A0B405700A3285D /* MJFoundation.m in Sources */ = {isa = PBXBuildFile; fileRef = 77C45DFC1A0B405700A3285D /* MJFoundation.m */; };
		77C45E101A0B405700A3285D /* MJIvar.m in Sources */ = {isa = PBXBuildFile; fileRef = 77C45DFE1A0B405700A3285D /* MJIvar.m */; };
		77C45E111A0B405700A3285D /* MJMember.m in Sources */ = {isa = PBXBuildFile; fileRef = 77C45E001A0B405700A3285D /* MJMember.m */; };
		77C45E121A0B405700A3285D /* MJMethod.m in Sources */ = {isa = PBXBuildFile; fileRef = 77C45E021A0B405700A3285D /* MJMethod.m */; };
		77C45E131A0B405700A3285D /* MJType.m in Sources */ = {isa = PBXBuildFile; fileRef = 77C45E041A0B405700A3285D /* MJType.m */; };
		77C45E141A0B405700A3285D /* MJTypeEncoding.m in Sources */ = {isa = PBXBuildFile; fileRef = 77C45E061A0B405700A3285D /* MJTypeEncoding.m */; };
		77C45E151A0B405700A3285D /* NSObject+MJCoding.m in Sources */ = {isa = PBXBuildFile; fileRef = 77C45E081A0B405700A3285D /* NSObject+MJCoding.m */; };
		77C45E161A0B405700A3285D /* NSObject+MJKeyValue.m in Sources */ = {isa = PBXBuildFile; fileRef = 77C45E0A1A0B405700A3285D /* NSObject+MJKeyValue.m */; };
		77C45E171A0B405700A3285D /* NSObject+MJMember.m in Sources */ = {isa = PBXBuildFile; fileRef = 77C45E0C1A0B405700A3285D /* NSObject+MJMember.m */; };
		77D6FAD41A09ADD800E06D29 /* Main.storyboard in Resources */ = {isa = PBXBuildFile; fileRef = 77D6FAD21A09ADD800E06D29 /* Main.storyboard */; };
		77D6FAD61A09ADD800E06D29 /* Images.xcassets in Resources */ = {isa = PBXBuildFile; fileRef = 77D6FAD51A09ADD800E06D29 /* Images.xcassets */; };
		77D6FAD91A09ADD800E06D29 /* LaunchScreen.xib in Resources */ = {isa = PBXBuildFile; fileRef = 77D6FAD71A09ADD800E06D29 /* LaunchScreen.xib */; };
		77D6FAE51A09ADD800E06D29 /* Aier360Tests.m in Sources */ = {isa = PBXBuildFile; fileRef = 77D6FAE41A09ADD800E06D29 /* Aier360Tests.m */; };
		77D6FAFE1A09B19C00E06D29 /* AppDelegate.m in Sources */ = {isa = PBXBuildFile; fileRef = 77D6FAF01A09B19C00E06D29 /* AppDelegate.m */; };
		77D6FAFF1A09B19C00E06D29 /* ViewController.m in Sources */ = {isa = PBXBuildFile; fileRef = 77D6FAF31A09B19C00E06D29 /* ViewController.m */; };
		77D6FB051A09B3DA00E06D29 /* Info.plist in Resources */ = {isa = PBXBuildFile; fileRef = 77D6FB031A09B3DA00E06D29 /* Info.plist */; };
		77D6FB061A09B3DA00E06D29 /* main.m in Sources */ = {isa = PBXBuildFile; fileRef = 77D6FB041A09B3DA00E06D29 /* main.m */; };
		77D6FB091A09B57E00E06D29 /* BaseModel.m in Sources */ = {isa = PBXBuildFile; fileRef = 77D6FB081A09B57E00E06D29 /* BaseModel.m */; };
		77D6FB0C1A09BAE100E06D29 /* ZXUser.m in Sources */ = {isa = PBXBuildFile; fileRef = 77D6FB0B1A09BAE100E06D29 /* ZXUser.m */; };
		77D6FB111A09C9ED00E06D29 /* ZXApiClient.m in Sources */ = {isa = PBXBuildFile; fileRef = 77D6FB101A09C9ED00E06D29 /* ZXApiClient.m */; };
		77D6FB141A09CCB700E06D29 /* ZXAccount.m in Sources */ = {isa = PBXBuildFile; fileRef = 77D6FB131A09CCB700E06D29 /* ZXAccount.m */; };
		77D6FB171A09CD0900E06D29 /* ZXAccount+ZXclient.m in Sources */ = {isa = PBXBuildFile; fileRef = 77D6FB161A09CD0900E06D29 /* ZXAccount+ZXclient.m */; };
		77D6FB201A0A18B100E06D29 /* ZXUpDownLoadManager.m in Sources */ = {isa = PBXBuildFile; fileRef = 77D6FB1F1A0A18B100E06D29 /* ZXUpDownLoadManager.m */; };
		AB5F891F6F6697810FA45770 /* libPods.a in Frameworks */ = {isa = PBXBuildFile; fileRef = 05C2CB8E19B222855A4FD920 /* libPods.a */; };
/* End PBXBuildFile section */

/* Begin PBXContainerItemProxy section */
		77D6FADF1A09ADD800E06D29 /* PBXContainerItemProxy */ = {
			isa = PBXContainerItemProxy;
			containerPortal = 77D6FABD1A09ADD800E06D29 /* Project object */;
			proxyType = 1;
			remoteGlobalIDString = 77D6FAC41A09ADD800E06D29;
			remoteInfo = Aier360;
		};
/* End PBXContainerItemProxy section */

/* Begin PBXFileReference section */
		05C2CB8E19B222855A4FD920 /* libPods.a */ = {isa = PBXFileReference; explicitFileType = archive.ar; includeInIndex = 0; path = libPods.a; sourceTree = BUILT_PRODUCTS_DIR; };
		2EA894B9C03258BD24789729 /* Pods.release.xcconfig */ = {isa = PBXFileReference; includeInIndex = 1; lastKnownFileType = text.xcconfig; name = Pods.release.xcconfig; path = "Pods/Target Support Files/Pods/Pods.release.xcconfig"; sourceTree = "<group>"; };
		5D8A4C158BDED110B3CC2BD9 /* Pods.debug.xcconfig */ = {isa = PBXFileReference; includeInIndex = 1; lastKnownFileType = text.xcconfig; name = Pods.debug.xcconfig; path = "Pods/Target Support Files/Pods/Pods.debug.xcconfig"; sourceTree = "<group>"; };
		77B1DA081A1053A300EFE21B /* ZXBaseViewController.h */ = {isa = PBXFileReference; fileEncoding = 4; lastKnownFileType = sourcecode.c.h; path = ZXBaseViewController.h; sourceTree = "<group>"; };
		77B1DA091A1053A300EFE21B /* ZXBaseViewController.m */ = {isa = PBXFileReference; fileEncoding = 4; lastKnownFileType = sourcecode.c.objc; path = ZXBaseViewController.m; sourceTree = "<group>"; };
		77B1DA0A1A1053A300EFE21B /* ZXRefreshCollectionViewController.h */ = {isa = PBXFileReference; fileEncoding = 4; lastKnownFileType = sourcecode.c.h; path = ZXRefreshCollectionViewController.h; sourceTree = "<group>"; };
		77B1DA0B1A1053A300EFE21B /* ZXRefreshCollectionViewController.m */ = {isa = PBXFileReference; fileEncoding = 4; lastKnownFileType = sourcecode.c.objc; path = ZXRefreshCollectionViewController.m; sourceTree = "<group>"; };
		77B1DA0C1A1053A300EFE21B /* ZXRefreshTableViewController.h */ = {isa = PBXFileReference; fileEncoding = 4; lastKnownFileType = sourcecode.c.h; path = ZXRefreshTableViewController.h; sourceTree = "<group>"; };
		77B1DA0D1A1053A300EFE21B /* ZXRefreshTableViewController.m */ = {isa = PBXFileReference; fileEncoding = 4; lastKnownFileType = sourcecode.c.objc; path = ZXRefreshTableViewController.m; sourceTree = "<group>"; };
		77B1DA151A10547900EFE21B /* ZXLoginViewController.h */ = {isa = PBXFileReference; fileEncoding = 4; lastKnownFileType = sourcecode.c.h; path = ZXLoginViewController.h; sourceTree = "<group>"; };
		77B1DA161A10547900EFE21B /* ZXLoginViewController.m */ = {isa = PBXFileReference; fileEncoding = 4; lastKnownFileType = sourcecode.c.objc; path = ZXLoginViewController.m; sourceTree = "<group>"; };
		77B1DA181A10564400EFE21B /* ZXValidateHelper.h */ = {isa = PBXFileReference; fileEncoding = 4; lastKnownFileType = sourcecode.c.h; path = ZXValidateHelper.h; sourceTree = "<group>"; };
		77B1DA191A10564400EFE21B /* ZXValidateHelper.m */ = {isa = PBXFileReference; fileEncoding = 4; lastKnownFileType = sourcecode.c.objc; path = ZXValidateHelper.m; sourceTree = "<group>"; };
		77B1DA1F1A10634600EFE21B /* MBProgressHUD+ZXAdditon.h */ = {isa = PBXFileReference; fileEncoding = 4; lastKnownFileType = sourcecode.c.h; path = "MBProgressHUD+ZXAdditon.h"; sourceTree = "<group>"; };
		77B1DA201A10634600EFE21B /* MBProgressHUD+ZXAdditon.m */ = {isa = PBXFileReference; fileEncoding = 4; lastKnownFileType = sourcecode.c.objc; path = "MBProgressHUD+ZXAdditon.m"; sourceTree = "<group>"; };
		77B1DA211A10634600EFE21B /* ProgressHUD.bundle */ = {isa = PBXFileReference; lastKnownFileType = "wrapper.plug-in"; path = ProgressHUD.bundle; sourceTree = "<group>"; };
		77B1DA241A10639800EFE21B /* UIImage+SZBundleImage.h */ = {isa = PBXFileReference; fileEncoding = 4; lastKnownFileType = sourcecode.c.h; path = "UIImage+SZBundleImage.h"; sourceTree = "<group>"; };
		77B1DA251A10639800EFE21B /* UIImage+SZBundleImage.m */ = {isa = PBXFileReference; fileEncoding = 4; lastKnownFileType = sourcecode.c.objc; path = "UIImage+SZBundleImage.m"; sourceTree = "<group>"; };
		77B1DA2C1A108F4F00EFE21B /* Discovery.storyboard */ = {isa = PBXFileReference; fileEncoding = 4; lastKnownFileType = file.storyboard; path = Discovery.storyboard; sourceTree = "<group>"; };
		77B1DA2E1A108F6700EFE21B /* Contacts.storyboard */ = {isa = PBXFileReference; fileEncoding = 4; lastKnownFileType = file.storyboard; path = Contacts.storyboard; sourceTree = "<group>"; };
		77B1DA301A108F7300EFE21B /* Mine.storyboard */ = {isa = PBXFileReference; fileEncoding = 4; lastKnownFileType = file.storyboard; path = Mine.storyboard; sourceTree = "<group>"; };
		77B1DA321A108F8D00EFE21B /* Message.storyboard */ = {isa = PBXFileReference; fileEncoding = 4; lastKnownFileType = file.storyboard; path = Message.storyboard; sourceTree = "<group>"; };
		77B1DA341A108F9600EFE21B /* School.storyboard */ = {isa = PBXFileReference; fileEncoding = 4; lastKnownFileType = file.storyboard; path = School.storyboard; sourceTree = "<group>"; };
		77B1DA361A10972F00EFE21B /* MBProgressHUD+ZXLazy.h */ = {isa = PBXFileReference; fileEncoding = 4; lastKnownFileType = sourcecode.c.h; path = "MBProgressHUD+ZXLazy.h"; sourceTree = "<group>"; };
		77B1DA371A10972F00EFE21B /* MBProgressHUD+ZXLazy.m */ = {isa = PBXFileReference; fileEncoding = 4; lastKnownFileType = sourcecode.c.objc; path = "MBProgressHUD+ZXLazy.m"; sourceTree = "<group>"; };
		77B1DA391A109DE300EFE21B /* ZXSchoolMenuViewController.h */ = {isa = PBXFileReference; fileEncoding = 4; lastKnownFileType = sourcecode.c.h; path = ZXSchoolMenuViewController.h; sourceTree = "<group>"; };
		77B1DA3A1A109DE300EFE21B /* ZXSchoolMenuViewController.m */ = {isa = PBXFileReference; fileEncoding = 4; lastKnownFileType = sourcecode.c.objc; path = ZXSchoolMenuViewController.m; sourceTree = "<group>"; };
		77C174A91A0C9DC8005F724A /* MJRefresh.bundle */ = {isa = PBXFileReference; lastKnownFileType = "wrapper.plug-in"; path = MJRefresh.bundle; sourceTree = "<group>"; };
		77C174AA1A0C9DC8005F724A /* MJRefresh.h */ = {isa = PBXFileReference; fileEncoding = 4; lastKnownFileType = sourcecode.c.h; path = MJRefresh.h; sourceTree = "<group>"; };
		77C174AB1A0C9DC8005F724A /* MJRefreshBaseView.h */ = {isa = PBXFileReference; fileEncoding = 4; lastKnownFileType = sourcecode.c.h; path = MJRefreshBaseView.h; sourceTree = "<group>"; };
		77C174AC1A0C9DC8005F724A /* MJRefreshBaseView.m */ = {isa = PBXFileReference; fileEncoding = 4; lastKnownFileType = sourcecode.c.objc; path = MJRefreshBaseView.m; sourceTree = "<group>"; };
		77C174AD1A0C9DC8005F724A /* MJRefreshConst.h */ = {isa = PBXFileReference; fileEncoding = 4; lastKnownFileType = sourcecode.c.h; path = MJRefreshConst.h; sourceTree = "<group>"; };
		77C174AE1A0C9DC8005F724A /* MJRefreshConst.m */ = {isa = PBXFileReference; fileEncoding = 4; lastKnownFileType = sourcecode.c.objc; path = MJRefreshConst.m; sourceTree = "<group>"; };
		77C174AF1A0C9DC8005F724A /* MJRefreshFooterView.h */ = {isa = PBXFileReference; fileEncoding = 4; lastKnownFileType = sourcecode.c.h; path = MJRefreshFooterView.h; sourceTree = "<group>"; };
		77C174B01A0C9DC8005F724A /* MJRefreshFooterView.m */ = {isa = PBXFileReference; fileEncoding = 4; lastKnownFileType = sourcecode.c.objc; path = MJRefreshFooterView.m; sourceTree = "<group>"; };
		77C174B11A0C9DC8005F724A /* MJRefreshHeaderView.h */ = {isa = PBXFileReference; fileEncoding = 4; lastKnownFileType = sourcecode.c.h; path = MJRefreshHeaderView.h; sourceTree = "<group>"; };
		77C174B21A0C9DC8005F724A /* MJRefreshHeaderView.m */ = {isa = PBXFileReference; fileEncoding = 4; lastKnownFileType = sourcecode.c.objc; path = MJRefreshHeaderView.m; sourceTree = "<group>"; };
		77C174B31A0C9DC8005F724A /* UIScrollView+MJExtension.h */ = {isa = PBXFileReference; fileEncoding = 4; lastKnownFileType = sourcecode.c.h; path = "UIScrollView+MJExtension.h"; sourceTree = "<group>"; };
		77C174B41A0C9DC8005F724A /* UIScrollView+MJExtension.m */ = {isa = PBXFileReference; fileEncoding = 4; lastKnownFileType = sourcecode.c.objc; path = "UIScrollView+MJExtension.m"; sourceTree = "<group>"; };
		77C174B51A0C9DC8005F724A /* UIScrollView+MJRefresh.h */ = {isa = PBXFileReference; fileEncoding = 4; lastKnownFileType = sourcecode.c.h; path = "UIScrollView+MJRefresh.h"; sourceTree = "<group>"; };
		77C174B61A0C9DC8005F724A /* UIScrollView+MJRefresh.m */ = {isa = PBXFileReference; fileEncoding = 4; lastKnownFileType = sourcecode.c.objc; path = "UIScrollView+MJRefresh.m"; sourceTree = "<group>"; };
		77C174B71A0C9DC8005F724A /* UIView+MJExtension.h */ = {isa = PBXFileReference; fileEncoding = 4; lastKnownFileType = sourcecode.c.h; path = "UIView+MJExtension.h"; sourceTree = "<group>"; };
		77C174B81A0C9DC8005F724A /* UIView+MJExtension.m */ = {isa = PBXFileReference; fileEncoding = 4; lastKnownFileType = sourcecode.c.objc; path = "UIView+MJExtension.m"; sourceTree = "<group>"; };
		77C174C71A0C9F32005F724A /* UITableView+ZXTableViewLine.h */ = {isa = PBXFileReference; fileEncoding = 4; lastKnownFileType = sourcecode.c.h; path = "UITableView+ZXTableViewLine.h"; sourceTree = "<group>"; };
		77C174C81A0C9F32005F724A /* UITableView+ZXTableViewLine.m */ = {isa = PBXFileReference; fileEncoding = 4; lastKnownFileType = sourcecode.c.objc; path = "UITableView+ZXTableViewLine.m"; sourceTree = "<group>"; };
		77C174CB1A0CA978005F724A /* RDVTabBar.h */ = {isa = PBXFileReference; fileEncoding = 4; lastKnownFileType = sourcecode.c.h; path = RDVTabBar.h; sourceTree = "<group>"; };
		77C174CC1A0CA978005F724A /* RDVTabBar.m */ = {isa = PBXFileReference; fileEncoding = 4; lastKnownFileType = sourcecode.c.objc; path = RDVTabBar.m; sourceTree = "<group>"; };
		77C174CD1A0CA978005F724A /* RDVTabBarController.h */ = {isa = PBXFileReference; fileEncoding = 4; lastKnownFileType = sourcecode.c.h; path = RDVTabBarController.h; sourceTree = "<group>"; };
		77C174CE1A0CA978005F724A /* RDVTabBarController.m */ = {isa = PBXFileReference; fileEncoding = 4; lastKnownFileType = sourcecode.c.objc; path = RDVTabBarController.m; sourceTree = "<group>"; };
		77C174CF1A0CA978005F724A /* RDVTabBarItem.h */ = {isa = PBXFileReference; fileEncoding = 4; lastKnownFileType = sourcecode.c.h; path = RDVTabBarItem.h; sourceTree = "<group>"; };
		77C174D01A0CA978005F724A /* RDVTabBarItem.m */ = {isa = PBXFileReference; fileEncoding = 4; lastKnownFileType = sourcecode.c.objc; path = RDVTabBarItem.m; sourceTree = "<group>"; };
		77C45DEB1A0B037700A3285D /* ZXClass.h */ = {isa = PBXFileReference; fileEncoding = 4; lastKnownFileType = sourcecode.c.h; path = ZXClass.h; sourceTree = "<group>"; };
		77C45DEC1A0B037700A3285D /* ZXClass.m */ = {isa = PBXFileReference; fileEncoding = 4; lastKnownFileType = sourcecode.c.objc; path = ZXClass.m; sourceTree = "<group>"; };
		77C45DEE1A0B038B00A3285D /* ZXSchool.h */ = {isa = PBXFileReference; fileEncoding = 4; lastKnownFileType = sourcecode.c.h; path = ZXSchool.h; sourceTree = "<group>"; };
		77C45DEF1A0B038B00A3285D /* ZXSchool.m */ = {isa = PBXFileReference; fileEncoding = 4; lastKnownFileType = sourcecode.c.objc; path = ZXSchool.m; sourceTree = "<group>"; };
		77C45DF11A0B0BB700A3285D /* ZXAppStateInfo.h */ = {isa = PBXFileReference; fileEncoding = 4; lastKnownFileType = sourcecode.c.h; path = ZXAppStateInfo.h; sourceTree = "<group>"; };
		77C45DF21A0B0BB700A3285D /* ZXAppStateInfo.m */ = {isa = PBXFileReference; fileEncoding = 4; lastKnownFileType = sourcecode.c.objc; path = ZXAppStateInfo.m; sourceTree = "<group>"; };
		77C45DF61A0B405700A3285D /* MJArgument.h */ = {isa = PBXFileReference; fileEncoding = 4; lastKnownFileType = sourcecode.c.h; path = MJArgument.h; sourceTree = "<group>"; };
		77C45DF71A0B405700A3285D /* MJArgument.m */ = {isa = PBXFileReference; fileEncoding = 4; lastKnownFileType = sourcecode.c.objc; path = MJArgument.m; sourceTree = "<group>"; };
		77C45DF81A0B405700A3285D /* MJConst.h */ = {isa = PBXFileReference; fileEncoding = 4; lastKnownFileType = sourcecode.c.h; path = MJConst.h; sourceTree = "<group>"; };
		77C45DF91A0B405700A3285D /* MJConst.m */ = {isa = PBXFileReference; fileEncoding = 4; lastKnownFileType = sourcecode.c.objc; path = MJConst.m; sourceTree = "<group>"; };
		77C45DFA1A0B405700A3285D /* MJExtension.h */ = {isa = PBXFileReference; fileEncoding = 4; lastKnownFileType = sourcecode.c.h; path = MJExtension.h; sourceTree = "<group>"; };
		77C45DFB1A0B405700A3285D /* MJFoundation.h */ = {isa = PBXFileReference; fileEncoding = 4; lastKnownFileType = sourcecode.c.h; path = MJFoundation.h; sourceTree = "<group>"; };
		77C45DFC1A0B405700A3285D /* MJFoundation.m */ = {isa = PBXFileReference; fileEncoding = 4; lastKnownFileType = sourcecode.c.objc; path = MJFoundation.m; sourceTree = "<group>"; };
		77C45DFD1A0B405700A3285D /* MJIvar.h */ = {isa = PBXFileReference; fileEncoding = 4; lastKnownFileType = sourcecode.c.h; path = MJIvar.h; sourceTree = "<group>"; };
		77C45DFE1A0B405700A3285D /* MJIvar.m */ = {isa = PBXFileReference; fileEncoding = 4; lastKnownFileType = sourcecode.c.objc; path = MJIvar.m; sourceTree = "<group>"; };
		77C45DFF1A0B405700A3285D /* MJMember.h */ = {isa = PBXFileReference; fileEncoding = 4; lastKnownFileType = sourcecode.c.h; path = MJMember.h; sourceTree = "<group>"; };
		77C45E001A0B405700A3285D /* MJMember.m */ = {isa = PBXFileReference; fileEncoding = 4; lastKnownFileType = sourcecode.c.objc; path = MJMember.m; sourceTree = "<group>"; };
		77C45E011A0B405700A3285D /* MJMethod.h */ = {isa = PBXFileReference; fileEncoding = 4; lastKnownFileType = sourcecode.c.h; path = MJMethod.h; sourceTree = "<group>"; };
		77C45E021A0B405700A3285D /* MJMethod.m */ = {isa = PBXFileReference; fileEncoding = 4; lastKnownFileType = sourcecode.c.objc; path = MJMethod.m; sourceTree = "<group>"; };
		77C45E031A0B405700A3285D /* MJType.h */ = {isa = PBXFileReference; fileEncoding = 4; lastKnownFileType = sourcecode.c.h; path = MJType.h; sourceTree = "<group>"; };
		77C45E041A0B405700A3285D /* MJType.m */ = {isa = PBXFileReference; fileEncoding = 4; lastKnownFileType = sourcecode.c.objc; path = MJType.m; sourceTree = "<group>"; };
		77C45E051A0B405700A3285D /* MJTypeEncoding.h */ = {isa = PBXFileReference; fileEncoding = 4; lastKnownFileType = sourcecode.c.h; path = MJTypeEncoding.h; sourceTree = "<group>"; };
		77C45E061A0B405700A3285D /* MJTypeEncoding.m */ = {isa = PBXFileReference; fileEncoding = 4; lastKnownFileType = sourcecode.c.objc; path = MJTypeEncoding.m; sourceTree = "<group>"; };
		77C45E071A0B405700A3285D /* NSObject+MJCoding.h */ = {isa = PBXFileReference; fileEncoding = 4; lastKnownFileType = sourcecode.c.h; path = "NSObject+MJCoding.h"; sourceTree = "<group>"; };
		77C45E081A0B405700A3285D /* NSObject+MJCoding.m */ = {isa = PBXFileReference; fileEncoding = 4; lastKnownFileType = sourcecode.c.objc; path = "NSObject+MJCoding.m"; sourceTree = "<group>"; };
		77C45E091A0B405700A3285D /* NSObject+MJKeyValue.h */ = {isa = PBXFileReference; fileEncoding = 4; lastKnownFileType = sourcecode.c.h; path = "NSObject+MJKeyValue.h"; sourceTree = "<group>"; };
		77C45E0A1A0B405700A3285D /* NSObject+MJKeyValue.m */ = {isa = PBXFileReference; fileEncoding = 4; lastKnownFileType = sourcecode.c.objc; path = "NSObject+MJKeyValue.m"; sourceTree = "<group>"; };
		77C45E0B1A0B405700A3285D /* NSObject+MJMember.h */ = {isa = PBXFileReference; fileEncoding = 4; lastKnownFileType = sourcecode.c.h; path = "NSObject+MJMember.h"; sourceTree = "<group>"; };
		77C45E0C1A0B405700A3285D /* NSObject+MJMember.m */ = {isa = PBXFileReference; fileEncoding = 4; lastKnownFileType = sourcecode.c.objc; path = "NSObject+MJMember.m"; sourceTree = "<group>"; };
		77D6FAC51A09ADD800E06D29 /* Aier360.app */ = {isa = PBXFileReference; explicitFileType = wrapper.application; includeInIndex = 0; path = Aier360.app; sourceTree = BUILT_PRODUCTS_DIR; };
		77D6FAD31A09ADD800E06D29 /* Base */ = {isa = PBXFileReference; lastKnownFileType = file.storyboard; name = Base; path = Base.lproj/Main.storyboard; sourceTree = "<group>"; };
		77D6FAD51A09ADD800E06D29 /* Images.xcassets */ = {isa = PBXFileReference; lastKnownFileType = folder.assetcatalog; path = Images.xcassets; sourceTree = "<group>"; };
		77D6FAD81A09ADD800E06D29 /* Base */ = {isa = PBXFileReference; lastKnownFileType = file.xib; name = Base; path = Base.lproj/LaunchScreen.xib; sourceTree = "<group>"; };
		77D6FADE1A09ADD800E06D29 /* Aier360Tests.xctest */ = {isa = PBXFileReference; explicitFileType = wrapper.cfbundle; includeInIndex = 0; path = Aier360Tests.xctest; sourceTree = BUILT_PRODUCTS_DIR; };
		77D6FAE31A09ADD800E06D29 /* Info.plist */ = {isa = PBXFileReference; lastKnownFileType = text.plist.xml; path = Info.plist; sourceTree = "<group>"; };
		77D6FAE41A09ADD800E06D29 /* Aier360Tests.m */ = {isa = PBXFileReference; lastKnownFileType = sourcecode.c.objc; path = Aier360Tests.m; sourceTree = "<group>"; };
		77D6FAEF1A09B19C00E06D29 /* AppDelegate.h */ = {isa = PBXFileReference; fileEncoding = 4; lastKnownFileType = sourcecode.c.h; path = AppDelegate.h; sourceTree = "<group>"; };
		77D6FAF01A09B19C00E06D29 /* AppDelegate.m */ = {isa = PBXFileReference; fileEncoding = 4; lastKnownFileType = sourcecode.c.objc; path = AppDelegate.m; sourceTree = "<group>"; };
		77D6FAF21A09B19C00E06D29 /* ViewController.h */ = {isa = PBXFileReference; fileEncoding = 4; lastKnownFileType = sourcecode.c.h; path = ViewController.h; sourceTree = "<group>"; };
		77D6FAF31A09B19C00E06D29 /* ViewController.m */ = {isa = PBXFileReference; fileEncoding = 4; lastKnownFileType = sourcecode.c.objc; path = ViewController.m; sourceTree = "<group>"; };
		77D6FB031A09B3DA00E06D29 /* Info.plist */ = {isa = PBXFileReference; fileEncoding = 4; lastKnownFileType = text.plist.xml; path = Info.plist; sourceTree = "<group>"; };
		77D6FB041A09B3DA00E06D29 /* main.m */ = {isa = PBXFileReference; fileEncoding = 4; lastKnownFileType = sourcecode.c.objc; path = main.m; sourceTree = "<group>"; };
		77D6FB071A09B57E00E06D29 /* BaseModel.h */ = {isa = PBXFileReference; fileEncoding = 4; lastKnownFileType = sourcecode.c.h; path = BaseModel.h; sourceTree = "<group>"; };
		77D6FB081A09B57E00E06D29 /* BaseModel.m */ = {isa = PBXFileReference; fileEncoding = 4; lastKnownFileType = sourcecode.c.objc; path = BaseModel.m; sourceTree = "<group>"; };
		77D6FB0A1A09BAE100E06D29 /* ZXUser.h */ = {isa = PBXFileReference; fileEncoding = 4; lastKnownFileType = sourcecode.c.h; path = ZXUser.h; sourceTree = "<group>"; };
		77D6FB0B1A09BAE100E06D29 /* ZXUser.m */ = {isa = PBXFileReference; fileEncoding = 4; lastKnownFileType = sourcecode.c.objc; path = ZXUser.m; sourceTree = "<group>"; };
		77D6FB0F1A09C9ED00E06D29 /* ZXApiClient.h */ = {isa = PBXFileReference; fileEncoding = 4; lastKnownFileType = sourcecode.c.h; path = ZXApiClient.h; sourceTree = "<group>"; };
		77D6FB101A09C9ED00E06D29 /* ZXApiClient.m */ = {isa = PBXFileReference; fileEncoding = 4; lastKnownFileType = sourcecode.c.objc; path = ZXApiClient.m; sourceTree = "<group>"; };
		77D6FB121A09CCB700E06D29 /* ZXAccount.h */ = {isa = PBXFileReference; fileEncoding = 4; lastKnownFileType = sourcecode.c.h; path = ZXAccount.h; sourceTree = "<group>"; };
		77D6FB131A09CCB700E06D29 /* ZXAccount.m */ = {isa = PBXFileReference; fileEncoding = 4; lastKnownFileType = sourcecode.c.objc; path = ZXAccount.m; sourceTree = "<group>"; };
		77D6FB151A09CD0900E06D29 /* ZXAccount+ZXclient.h */ = {isa = PBXFileReference; fileEncoding = 4; lastKnownFileType = sourcecode.c.h; path = "ZXAccount+ZXclient.h"; sourceTree = "<group>"; };
		77D6FB161A09CD0900E06D29 /* ZXAccount+ZXclient.m */ = {isa = PBXFileReference; fileEncoding = 4; lastKnownFileType = sourcecode.c.objc; path = "ZXAccount+ZXclient.m"; sourceTree = "<group>"; };
		77D6FB1E1A0A18B100E06D29 /* ZXUpDownLoadManager.h */ = {isa = PBXFileReference; fileEncoding = 4; lastKnownFileType = sourcecode.c.h; path = ZXUpDownLoadManager.h; sourceTree = "<group>"; };
		77D6FB1F1A0A18B100E06D29 /* ZXUpDownLoadManager.m */ = {isa = PBXFileReference; fileEncoding = 4; lastKnownFileType = sourcecode.c.objc; path = ZXUpDownLoadManager.m; sourceTree = "<group>"; };
/* End PBXFileReference section */

/* Begin PBXFrameworksBuildPhase section */
		77D6FAC21A09ADD800E06D29 /* Frameworks */ = {
			isa = PBXFrameworksBuildPhase;
			buildActionMask = 2147483647;
			files = (
				AB5F891F6F6697810FA45770 /* libPods.a in Frameworks */,
			);
			runOnlyForDeploymentPostprocessing = 0;
		};
		77D6FADB1A09ADD800E06D29 /* Frameworks */ = {
			isa = PBXFrameworksBuildPhase;
			buildActionMask = 2147483647;
			files = (
			);
			runOnlyForDeploymentPostprocessing = 0;
		};
/* End PBXFrameworksBuildPhase section */

/* Begin PBXGroup section */
		0C6DBC5B1FE1599793B8EA92 /* Pods */ = {
			isa = PBXGroup;
			children = (
				5D8A4C158BDED110B3CC2BD9 /* Pods.debug.xcconfig */,
				2EA894B9C03258BD24789729 /* Pods.release.xcconfig */,
			);
			name = Pods;
			sourceTree = "<group>";
		};
		77B1DA071A1053A300EFE21B /* BaseController */ = {
			isa = PBXGroup;
			children = (
				77B1DA081A1053A300EFE21B /* ZXBaseViewController.h */,
				77B1DA091A1053A300EFE21B /* ZXBaseViewController.m */,
				77B1DA0A1A1053A300EFE21B /* ZXRefreshCollectionViewController.h */,
				77B1DA0B1A1053A300EFE21B /* ZXRefreshCollectionViewController.m */,
				77B1DA0C1A1053A300EFE21B /* ZXRefreshTableViewController.h */,
				77B1DA0D1A1053A300EFE21B /* ZXRefreshTableViewController.m */,
			);
			path = BaseController;
			sourceTree = "<group>";
		};
		77B1DA141A10547900EFE21B /* 登录注册 */ = {
			isa = PBXGroup;
			children = (
				77B1DA151A10547900EFE21B /* ZXLoginViewController.h */,
				77B1DA161A10547900EFE21B /* ZXLoginViewController.m */,
			);
			path = "登录注册";
			sourceTree = "<group>";
		};
		77B1DA1E1A10634600EFE21B /* MBProgressHUD */ = {
			isa = PBXGroup;
			children = (
				77B1DA1F1A10634600EFE21B /* MBProgressHUD+ZXAdditon.h */,
				77B1DA201A10634600EFE21B /* MBProgressHUD+ZXAdditon.m */,
				77B1DA211A10634600EFE21B /* ProgressHUD.bundle */,
			);
			path = MBProgressHUD;
			sourceTree = "<group>";
		};
		77B1DA271A108EF200EFE21B /* 发现 */ = {
			isa = PBXGroup;
			children = (
				77B1DA2C1A108F4F00EFE21B /* Discovery.storyboard */,
			);
			path = "发现";
			sourceTree = "<group>";
		};
		77B1DA281A108EF200EFE21B /* 联系人 */ = {
			isa = PBXGroup;
			children = (
				77B1DA2E1A108F6700EFE21B /* Contacts.storyboard */,
			);
			path = "联系人";
			sourceTree = "<group>";
		};
		77B1DA291A108EF200EFE21B /* 我 */ = {
			isa = PBXGroup;
			children = (
				77B1DA301A108F7300EFE21B /* Mine.storyboard */,
			);
			path = "我";
			sourceTree = "<group>";
		};
		77B1DA2A1A108EF200EFE21B /* 消息 */ = {
			isa = PBXGroup;
			children = (
				77B1DA321A108F8D00EFE21B /* Message.storyboard */,
			);
			path = "消息";
			sourceTree = "<group>";
		};
		77B1DA2B1A108EF200EFE21B /* 校园 */ = {
			isa = PBXGroup;
			children = (
				77B1DA341A108F9600EFE21B /* School.storyboard */,
				77B1DA391A109DE300EFE21B /* ZXSchoolMenuViewController.h */,
				77B1DA3A1A109DE300EFE21B /* ZXSchoolMenuViewController.m */,
			);
			path = "校园";
			sourceTree = "<group>";
		};
		77C174A81A0C9DC8005F724A /* MJRefresh */ = {
			isa = PBXGroup;
			children = (
				77C174A91A0C9DC8005F724A /* MJRefresh.bundle */,
				77C174AA1A0C9DC8005F724A /* MJRefresh.h */,
				77C174AB1A0C9DC8005F724A /* MJRefreshBaseView.h */,
				77C174AC1A0C9DC8005F724A /* MJRefreshBaseView.m */,
				77C174AD1A0C9DC8005F724A /* MJRefreshConst.h */,
				77C174AE1A0C9DC8005F724A /* MJRefreshConst.m */,
				77C174AF1A0C9DC8005F724A /* MJRefreshFooterView.h */,
				77C174B01A0C9DC8005F724A /* MJRefreshFooterView.m */,
				77C174B11A0C9DC8005F724A /* MJRefreshHeaderView.h */,
				77C174B21A0C9DC8005F724A /* MJRefreshHeaderView.m */,
				77C174B31A0C9DC8005F724A /* UIScrollView+MJExtension.h */,
				77C174B41A0C9DC8005F724A /* UIScrollView+MJExtension.m */,
				77C174B51A0C9DC8005F724A /* UIScrollView+MJRefresh.h */,
				77C174B61A0C9DC8005F724A /* UIScrollView+MJRefresh.m */,
				77C174B71A0C9DC8005F724A /* UIView+MJExtension.h */,
				77C174B81A0C9DC8005F724A /* UIView+MJExtension.m */,
			);
			path = MJRefresh;
			sourceTree = "<group>";
		};
		77C174CA1A0CA978005F724A /* RDVTabBarController */ = {
			isa = PBXGroup;
			children = (
				77C174CB1A0CA978005F724A /* RDVTabBar.h */,
				77C174CC1A0CA978005F724A /* RDVTabBar.m */,
				77C174CD1A0CA978005F724A /* RDVTabBarController.h */,
				77C174CE1A0CA978005F724A /* RDVTabBarController.m */,
				77C174CF1A0CA978005F724A /* RDVTabBarItem.h */,
				77C174D01A0CA978005F724A /* RDVTabBarItem.m */,
			);
			path = RDVTabBarController;
			sourceTree = "<group>";
		};
		77C45DF51A0B405700A3285D /* MJExtension */ = {
			isa = PBXGroup;
			children = (
				77C45DF61A0B405700A3285D /* MJArgument.h */,
				77C45DF71A0B405700A3285D /* MJArgument.m */,
				77C45DF81A0B405700A3285D /* MJConst.h */,
				77C45DF91A0B405700A3285D /* MJConst.m */,
				77C45DFA1A0B405700A3285D /* MJExtension.h */,
				77C45DFB1A0B405700A3285D /* MJFoundation.h */,
				77C45DFC1A0B405700A3285D /* MJFoundation.m */,
				77C45DFD1A0B405700A3285D /* MJIvar.h */,
				77C45DFE1A0B405700A3285D /* MJIvar.m */,
				77C45DFF1A0B405700A3285D /* MJMember.h */,
				77C45E001A0B405700A3285D /* MJMember.m */,
				77C45E011A0B405700A3285D /* MJMethod.h */,
				77C45E021A0B405700A3285D /* MJMethod.m */,
				77C45E031A0B405700A3285D /* MJType.h */,
				77C45E041A0B405700A3285D /* MJType.m */,
				77C45E051A0B405700A3285D /* MJTypeEncoding.h */,
				77C45E061A0B405700A3285D /* MJTypeEncoding.m */,
				77C45E071A0B405700A3285D /* NSObject+MJCoding.h */,
				77C45E081A0B405700A3285D /* NSObject+MJCoding.m */,
				77C45E091A0B405700A3285D /* NSObject+MJKeyValue.h */,
				77C45E0A1A0B405700A3285D /* NSObject+MJKeyValue.m */,
				77C45E0B1A0B405700A3285D /* NSObject+MJMember.h */,
				77C45E0C1A0B405700A3285D /* NSObject+MJMember.m */,
			);
			path = MJExtension;
			sourceTree = "<group>";
		};
		77D6FABC1A09ADD800E06D29 = {
			isa = PBXGroup;
			children = (
				77D6FAC71A09ADD800E06D29 /* Aier360 */,
				77D6FAE11A09ADD800E06D29 /* Aier360Tests */,
				77D6FAC61A09ADD800E06D29 /* Products */,
				0C6DBC5B1FE1599793B8EA92 /* Pods */,
				E06E86F7249E7B0854405341 /* Frameworks */,
			);
			sourceTree = "<group>";
		};
		77D6FAC61A09ADD800E06D29 /* Products */ = {
			isa = PBXGroup;
			children = (
				77D6FAC51A09ADD800E06D29 /* Aier360.app */,
				77D6FADE1A09ADD800E06D29 /* Aier360Tests.xctest */,
			);
			name = Products;
			sourceTree = "<group>";
		};
		77D6FAC71A09ADD800E06D29 /* Aier360 */ = {
			isa = PBXGroup;
			children = (
				77D6FB0E1A09C99D00E06D29 /* HTTPClient */,
				77D6FAEE1A09B19C00E06D29 /* AppDelegate */,
				77D6FAF11A09B19C00E06D29 /* Controllers */,
				77D6FAF41A09B19C00E06D29 /* General */,
				77D6FAF51A09B19C00E06D29 /* Helpers */,
				77D6FAF61A09B19C00E06D29 /* Macro */,
				77D6FAF71A09B19C00E06D29 /* Models */,
				77D6FAF81A09B19C00E06D29 /* Resources */,
				77D6FAFC1A09B19C00E06D29 /* Vendors */,
				77D6FAFD1A09B19C00E06D29 /* Views */,
				77D6FAD21A09ADD800E06D29 /* Main.storyboard */,
				77D6FAD51A09ADD800E06D29 /* Images.xcassets */,
				77D6FAD71A09ADD800E06D29 /* LaunchScreen.xib */,
				77D6FB021A09B3DA00E06D29 /* Support Files */,
			);
			path = Aier360;
			sourceTree = "<group>";
		};
		77D6FAE11A09ADD800E06D29 /* Aier360Tests */ = {
			isa = PBXGroup;
			children = (
				77D6FAE41A09ADD800E06D29 /* Aier360Tests.m */,
				77D6FAE21A09ADD800E06D29 /* Supporting Files */,
			);
			path = Aier360Tests;
			sourceTree = "<group>";
		};
		77D6FAE21A09ADD800E06D29 /* Supporting Files */ = {
			isa = PBXGroup;
			children = (
				77D6FAE31A09ADD800E06D29 /* Info.plist */,
			);
			name = "Supporting Files";
			sourceTree = "<group>";
		};
		77D6FAEE1A09B19C00E06D29 /* AppDelegate */ = {
			isa = PBXGroup;
			children = (
				77D6FAEF1A09B19C00E06D29 /* AppDelegate.h */,
				77D6FAF01A09B19C00E06D29 /* AppDelegate.m */,
			);
			path = AppDelegate;
			sourceTree = "<group>";
		};
		77D6FAF11A09B19C00E06D29 /* Controllers */ = {
			isa = PBXGroup;
			children = (
				77B1DA271A108EF200EFE21B /* 发现 */,
				77B1DA281A108EF200EFE21B /* 联系人 */,
				77B1DA291A108EF200EFE21B /* 我 */,
				77B1DA2A1A108EF200EFE21B /* 消息 */,
				77B1DA2B1A108EF200EFE21B /* 校园 */,
				77B1DA141A10547900EFE21B /* 登录注册 */,
				77B1DA071A1053A300EFE21B /* BaseController */,
				77D6FAF21A09B19C00E06D29 /* ViewController.h */,
				77D6FAF31A09B19C00E06D29 /* ViewController.m */,
			);
			path = Controllers;
			sourceTree = "<group>";
		};
		77D6FAF41A09B19C00E06D29 /* General */ = {
			isa = PBXGroup;
			children = (
				77B1DA241A10639800EFE21B /* UIImage+SZBundleImage.h */,
				77B1DA251A10639800EFE21B /* UIImage+SZBundleImage.m */,
				77B1DA1E1A10634600EFE21B /* MBProgressHUD */,
				77C174C71A0C9F32005F724A /* UITableView+ZXTableViewLine.h */,
				77C174C81A0C9F32005F724A /* UITableView+ZXTableViewLine.m */,
				77B1DA361A10972F00EFE21B /* MBProgressHUD+ZXLazy.h */,
				77B1DA371A10972F00EFE21B /* MBProgressHUD+ZXLazy.m */,
			);
			path = General;
			sourceTree = "<group>";
		};
		77D6FAF51A09B19C00E06D29 /* Helpers */ = {
			isa = PBXGroup;
			children = (
				77B1DA181A10564400EFE21B /* ZXValidateHelper.h */,
				77B1DA191A10564400EFE21B /* ZXValidateHelper.m */,
			);
			path = Helpers;
			sourceTree = "<group>";
		};
		77D6FAF61A09B19C00E06D29 /* Macro */ = {
			isa = PBXGroup;
			children = (
			);
			path = Macro;
			sourceTree = "<group>";
		};
		77D6FAF71A09B19C00E06D29 /* Models */ = {
			isa = PBXGroup;
			children = (
				77D6FB071A09B57E00E06D29 /* BaseModel.h */,
				77D6FB081A09B57E00E06D29 /* BaseModel.m */,
				77D6FB0A1A09BAE100E06D29 /* ZXUser.h */,
				77D6FB0B1A09BAE100E06D29 /* ZXUser.m */,
				77D6FB121A09CCB700E06D29 /* ZXAccount.h */,
				77D6FB131A09CCB700E06D29 /* ZXAccount.m */,
				77C45DEB1A0B037700A3285D /* ZXClass.h */,
				77C45DEC1A0B037700A3285D /* ZXClass.m */,
				77C45DEE1A0B038B00A3285D /* ZXSchool.h */,
				77C45DEF1A0B038B00A3285D /* ZXSchool.m */,
				77C45DF11A0B0BB700A3285D /* ZXAppStateInfo.h */,
				77C45DF21A0B0BB700A3285D /* ZXAppStateInfo.m */,
			);
			path = Models;
			sourceTree = "<group>";
		};
		77D6FAF81A09B19C00E06D29 /* Resources */ = {
			isa = PBXGroup;
			children = (
			);
			path = Resources;
			sourceTree = "<group>";
		};
		77D6FAFC1A09B19C00E06D29 /* Vendors */ = {
			isa = PBXGroup;
			children = (
				77C174CA1A0CA978005F724A /* RDVTabBarController */,
				77C174A81A0C9DC8005F724A /* MJRefresh */,
				77C45DF51A0B405700A3285D /* MJExtension */,
			);
			path = Vendors;
			sourceTree = "<group>";
		};
		77D6FAFD1A09B19C00E06D29 /* Views */ = {
			isa = PBXGroup;
			children = (
			);
			path = Views;
			sourceTree = "<group>";
		};
		77D6FB021A09B3DA00E06D29 /* Support Files */ = {
			isa = PBXGroup;
			children = (
				77D6FB031A09B3DA00E06D29 /* Info.plist */,
				77D6FB041A09B3DA00E06D29 /* main.m */,
			);
			path = "Support Files";
			sourceTree = "<group>";
		};
		77D6FB0E1A09C99D00E06D29 /* HTTPClient */ = {
			isa = PBXGroup;
			children = (
				77D6FB0F1A09C9ED00E06D29 /* ZXApiClient.h */,
				77D6FB101A09C9ED00E06D29 /* ZXApiClient.m */,
				77D6FB1E1A0A18B100E06D29 /* ZXUpDownLoadManager.h */,
				77D6FB1F1A0A18B100E06D29 /* ZXUpDownLoadManager.m */,
				77D6FB151A09CD0900E06D29 /* ZXAccount+ZXclient.h */,
				77D6FB161A09CD0900E06D29 /* ZXAccount+ZXclient.m */,
			);
			path = HTTPClient;
			sourceTree = "<group>";
		};
		E06E86F7249E7B0854405341 /* Frameworks */ = {
			isa = PBXGroup;
			children = (
				05C2CB8E19B222855A4FD920 /* libPods.a */,
			);
			name = Frameworks;
			sourceTree = "<group>";
		};
/* End PBXGroup section */

/* Begin PBXNativeTarget section */
		77D6FAC41A09ADD800E06D29 /* Aier360 */ = {
			isa = PBXNativeTarget;
			buildConfigurationList = 77D6FAE81A09ADD800E06D29 /* Build configuration list for PBXNativeTarget "Aier360" */;
			buildPhases = (
				F133A0B7EB24D2DCA114867B /* Check Pods Manifest.lock */,
				77D6FAC11A09ADD800E06D29 /* Sources */,
				77D6FAC21A09ADD800E06D29 /* Frameworks */,
				77D6FAC31A09ADD800E06D29 /* Resources */,
				D798290F00E255150B093233 /* Copy Pods Resources */,
			);
			buildRules = (
			);
			dependencies = (
			);
			name = Aier360;
			productName = Aier360;
			productReference = 77D6FAC51A09ADD800E06D29 /* Aier360.app */;
			productType = "com.apple.product-type.application";
		};
		77D6FADD1A09ADD800E06D29 /* Aier360Tests */ = {
			isa = PBXNativeTarget;
			buildConfigurationList = 77D6FAEB1A09ADD800E06D29 /* Build configuration list for PBXNativeTarget "Aier360Tests" */;
			buildPhases = (
				77D6FADA1A09ADD800E06D29 /* Sources */,
				77D6FADB1A09ADD800E06D29 /* Frameworks */,
				77D6FADC1A09ADD800E06D29 /* Resources */,
			);
			buildRules = (
			);
			dependencies = (
				77D6FAE01A09ADD800E06D29 /* PBXTargetDependency */,
			);
			name = Aier360Tests;
			productName = Aier360Tests;
			productReference = 77D6FADE1A09ADD800E06D29 /* Aier360Tests.xctest */;
			productType = "com.apple.product-type.bundle.unit-test";
		};
/* End PBXNativeTarget section */

/* Begin PBXProject section */
		77D6FABD1A09ADD800E06D29 /* Project object */ = {
			isa = PBXProject;
			attributes = {
				CLASSPREFIX = ZX;
				LastUpgradeCheck = 0610;
				ORGANIZATIONNAME = "Zhixing Internet of Things Technology Co., Ltd.";
				TargetAttributes = {
					77D6FAC41A09ADD800E06D29 = {
						CreatedOnToolsVersion = 6.1;
						DevelopmentTeam = VS8EUK3TBC;
					};
					77D6FADD1A09ADD800E06D29 = {
						CreatedOnToolsVersion = 6.1;
						TestTargetID = 77D6FAC41A09ADD800E06D29;
					};
				};
			};
			buildConfigurationList = 77D6FAC01A09ADD800E06D29 /* Build configuration list for PBXProject "Aier360" */;
			compatibilityVersion = "Xcode 3.2";
			developmentRegion = English;
			hasScannedForEncodings = 0;
			knownRegions = (
				en,
				Base,
			);
			mainGroup = 77D6FABC1A09ADD800E06D29;
			productRefGroup = 77D6FAC61A09ADD800E06D29 /* Products */;
			projectDirPath = "";
			projectRoot = "";
			targets = (
				77D6FAC41A09ADD800E06D29 /* Aier360 */,
				77D6FADD1A09ADD800E06D29 /* Aier360Tests */,
			);
		};
/* End PBXProject section */

/* Begin PBXResourcesBuildPhase section */
		77D6FAC31A09ADD800E06D29 /* Resources */ = {
			isa = PBXResourcesBuildPhase;
			buildActionMask = 2147483647;
			files = (
				77B1DA2D1A108F4F00EFE21B /* Discovery.storyboard in Resources */,
				77B1DA2F1A108F6700EFE21B /* Contacts.storyboard in Resources */,
				77B1DA331A108F8D00EFE21B /* Message.storyboard in Resources */,
				77B1DA351A108F9600EFE21B /* School.storyboard in Resources */,
				77D6FB051A09B3DA00E06D29 /* Info.plist in Resources */,
				77B1DA311A108F7300EFE21B /* Mine.storyboard in Resources */,
				77D6FAD41A09ADD800E06D29 /* Main.storyboard in Resources */,
				77B1DA231A10634600EFE21B /* ProgressHUD.bundle in Resources */,
				77D6FAD91A09ADD800E06D29 /* LaunchScreen.xib in Resources */,
				77C174B91A0C9DC8005F724A /* MJRefresh.bundle in Resources */,
				77D6FAD61A09ADD800E06D29 /* Images.xcassets in Resources */,
			);
			runOnlyForDeploymentPostprocessing = 0;
		};
		77D6FADC1A09ADD800E06D29 /* Resources */ = {
			isa = PBXResourcesBuildPhase;
			buildActionMask = 2147483647;
			files = (
			);
			runOnlyForDeploymentPostprocessing = 0;
		};
/* End PBXResourcesBuildPhase section */

/* Begin PBXShellScriptBuildPhase section */
		D798290F00E255150B093233 /* Copy Pods Resources */ = {
			isa = PBXShellScriptBuildPhase;
			buildActionMask = 2147483647;
			files = (
			);
			inputPaths = (
			);
			name = "Copy Pods Resources";
			outputPaths = (
			);
			runOnlyForDeploymentPostprocessing = 0;
			shellPath = /bin/sh;
			shellScript = "\"${SRCROOT}/Pods/Target Support Files/Pods/Pods-resources.sh\"\n";
			showEnvVarsInLog = 0;
		};
		F133A0B7EB24D2DCA114867B /* Check Pods Manifest.lock */ = {
			isa = PBXShellScriptBuildPhase;
			buildActionMask = 2147483647;
			files = (
			);
			inputPaths = (
			);
			name = "Check Pods Manifest.lock";
			outputPaths = (
			);
			runOnlyForDeploymentPostprocessing = 0;
			shellPath = /bin/sh;
			shellScript = "diff \"${PODS_ROOT}/../Podfile.lock\" \"${PODS_ROOT}/Manifest.lock\" > /dev/null\nif [[ $? != 0 ]] ; then\n    cat << EOM\nerror: The sandbox is not in sync with the Podfile.lock. Run 'pod install' or update your CocoaPods installation.\nEOM\n    exit 1\nfi\n";
			showEnvVarsInLog = 0;
		};
/* End PBXShellScriptBuildPhase section */

/* Begin PBXSourcesBuildPhase section */
		77D6FAC11A09ADD800E06D29 /* Sources */ = {
			isa = PBXSourcesBuildPhase;
			buildActionMask = 2147483647;
			files = (
				77B1DA101A1053A300EFE21B /* ZXRefreshTableViewController.m in Sources */,
				77C174BB1A0C9DC8005F724A /* MJRefreshConst.m in Sources */,
				77D6FAFF1A09B19C00E06D29 /* ViewController.m in Sources */,
				77B1DA0F1A1053A300EFE21B /* ZXRefreshCollectionViewController.m in Sources */,
				77C174BD1A0C9DC8005F724A /* MJRefreshHeaderView.m in Sources */,
				77C174D21A0CA978005F724A /* RDVTabBarController.m in Sources */,
				77C45E161A0B405700A3285D /* NSObject+MJKeyValue.m in Sources */,
				77B1DA381A10972F00EFE21B /* MBProgressHUD+ZXLazy.m in Sources */,
				77C45DED1A0B037700A3285D /* ZXClass.m in Sources */,
				77D6FB061A09B3DA00E06D29 /* main.m in Sources */,
				77C45E111A0B405700A3285D /* MJMember.m in Sources */,
				77C174C01A0C9DC8005F724A /* UIView+MJExtension.m in Sources */,
				77C174BF1A0C9DC8005F724A /* UIScrollView+MJRefresh.m in Sources */,
				77C45E0E1A0B405700A3285D /* MJConst.m in Sources */,
				77C45E151A0B405700A3285D /* NSObject+MJCoding.m in Sources */,
				77C174D11A0CA978005F724A /* RDVTabBar.m in Sources */,
				77D6FB171A09CD0900E06D29 /* ZXAccount+ZXclient.m in Sources */,
				77C45E141A0B405700A3285D /* MJTypeEncoding.m in Sources */,
				77B1DA221A10634600EFE21B /* MBProgressHUD+ZXAdditon.m in Sources */,
				77D6FB091A09B57E00E06D29 /* BaseModel.m in Sources */,
				77B1DA0E1A1053A300EFE21B /* ZXBaseViewController.m in Sources */,
				77C174BC1A0C9DC8005F724A /* MJRefreshFooterView.m in Sources */,
				77C45E0F1A0B405700A3285D /* MJFoundation.m in Sources */,
				77C45E121A0B405700A3285D /* MJMethod.m in Sources */,
				77C45DF31A0B0BB700A3285D /* ZXAppStateInfo.m in Sources */,
				77D6FB141A09CCB700E06D29 /* ZXAccount.m in Sources */,
				77C45E101A0B405700A3285D /* MJIvar.m in Sources */,
				77C45E171A0B405700A3285D /* NSObject+MJMember.m in Sources */,
				77B1DA171A10547900EFE21B /* ZXLoginViewController.m in Sources */,
				77C45DF01A0B038B00A3285D /* ZXSchool.m in Sources */,
				77D6FB111A09C9ED00E06D29 /* ZXApiClient.m in Sources */,
				77D6FAFE1A09B19C00E06D29 /* AppDelegate.m in Sources */,
				77C174C91A0C9F32005F724A /* UITableView+ZXTableViewLine.m in Sources */,
				77C45E131A0B405700A3285D /* MJType.m in Sources */,
				77C45E0D1A0B405700A3285D /* MJArgument.m in Sources */,
				77B1DA1A1A10564400EFE21B /* ZXValidateHelper.m in Sources */,
				77D6FB201A0A18B100E06D29 /* ZXUpDownLoadManager.m in Sources */,
				77B1DA3B1A109DE300EFE21B /* ZXSchoolMenuViewController.m in Sources */,
				77B1DA261A10639800EFE21B /* UIImage+SZBundleImage.m in Sources */,
				77C174BA1A0C9DC8005F724A /* MJRefreshBaseView.m in Sources */,
				77C174D31A0CA978005F724A /* RDVTabBarItem.m in Sources */,
				77D6FB0C1A09BAE100E06D29 /* ZXUser.m in Sources */,
				77C174BE1A0C9DC8005F724A /* UIScrollView+MJExtension.m in Sources */,
			);
			runOnlyForDeploymentPostprocessing = 0;
		};
		77D6FADA1A09ADD800E06D29 /* Sources */ = {
			isa = PBXSourcesBuildPhase;
			buildActionMask = 2147483647;
			files = (
				77D6FAE51A09ADD800E06D29 /* Aier360Tests.m in Sources */,
			);
			runOnlyForDeploymentPostprocessing = 0;
		};
/* End PBXSourcesBuildPhase section */

/* Begin PBXTargetDependency section */
		77D6FAE01A09ADD800E06D29 /* PBXTargetDependency */ = {
			isa = PBXTargetDependency;
			target = 77D6FAC41A09ADD800E06D29 /* Aier360 */;
			targetProxy = 77D6FADF1A09ADD800E06D29 /* PBXContainerItemProxy */;
		};
/* End PBXTargetDependency section */

/* Begin PBXVariantGroup section */
		77D6FAD21A09ADD800E06D29 /* Main.storyboard */ = {
			isa = PBXVariantGroup;
			children = (
				77D6FAD31A09ADD800E06D29 /* Base */,
			);
			name = Main.storyboard;
			sourceTree = "<group>";
		};
		77D6FAD71A09ADD800E06D29 /* LaunchScreen.xib */ = {
			isa = PBXVariantGroup;
			children = (
				77D6FAD81A09ADD800E06D29 /* Base */,
			);
			name = LaunchScreen.xib;
			sourceTree = "<group>";
		};
/* End PBXVariantGroup section */

/* Begin XCBuildConfiguration section */
		77D6FAE61A09ADD800E06D29 /* Debug */ = {
			isa = XCBuildConfiguration;
			buildSettings = {
				ALWAYS_SEARCH_USER_PATHS = NO;
				CLANG_CXX_LANGUAGE_STANDARD = "gnu++0x";
				CLANG_CXX_LIBRARY = "libc++";
				CLANG_ENABLE_MODULES = YES;
				CLANG_ENABLE_OBJC_ARC = YES;
				CLANG_WARN_BOOL_CONVERSION = YES;
				CLANG_WARN_CONSTANT_CONVERSION = YES;
				CLANG_WARN_DIRECT_OBJC_ISA_USAGE = YES_ERROR;
				CLANG_WARN_EMPTY_BODY = YES;
				CLANG_WARN_ENUM_CONVERSION = YES;
				CLANG_WARN_INT_CONVERSION = YES;
				CLANG_WARN_OBJC_ROOT_CLASS = YES_ERROR;
				CLANG_WARN_UNREACHABLE_CODE = YES;
				CLANG_WARN__DUPLICATE_METHOD_MATCH = YES;
				"CODE_SIGN_IDENTITY[sdk=iphoneos*]" = "iPhone Developer";
				COPY_PHASE_STRIP = NO;
				ENABLE_STRICT_OBJC_MSGSEND = YES;
				GCC_C_LANGUAGE_STANDARD = gnu99;
				GCC_DYNAMIC_NO_PIC = NO;
				GCC_OPTIMIZATION_LEVEL = 0;
				GCC_PREPROCESSOR_DEFINITIONS = (
					"DEBUG=1",
					"$(inherited)",
				);
				GCC_SYMBOLS_PRIVATE_EXTERN = NO;
				GCC_WARN_64_TO_32_BIT_CONVERSION = YES;
				GCC_WARN_ABOUT_RETURN_TYPE = YES_ERROR;
				GCC_WARN_UNDECLARED_SELECTOR = YES;
				GCC_WARN_UNINITIALIZED_AUTOS = YES_AGGRESSIVE;
				GCC_WARN_UNUSED_FUNCTION = YES;
				GCC_WARN_UNUSED_VARIABLE = YES;
				IPHONEOS_DEPLOYMENT_TARGET = 7.0;
				MTL_ENABLE_DEBUG_INFO = YES;
				ONLY_ACTIVE_ARCH = YES;
				SDKROOT = iphoneos;
			};
			name = Debug;
		};
		77D6FAE71A09ADD800E06D29 /* Release */ = {
			isa = XCBuildConfiguration;
			buildSettings = {
				ALWAYS_SEARCH_USER_PATHS = NO;
				CLANG_CXX_LANGUAGE_STANDARD = "gnu++0x";
				CLANG_CXX_LIBRARY = "libc++";
				CLANG_ENABLE_MODULES = YES;
				CLANG_ENABLE_OBJC_ARC = YES;
				CLANG_WARN_BOOL_CONVERSION = YES;
				CLANG_WARN_CONSTANT_CONVERSION = YES;
				CLANG_WARN_DIRECT_OBJC_ISA_USAGE = YES_ERROR;
				CLANG_WARN_EMPTY_BODY = YES;
				CLANG_WARN_ENUM_CONVERSION = YES;
				CLANG_WARN_INT_CONVERSION = YES;
				CLANG_WARN_OBJC_ROOT_CLASS = YES_ERROR;
				CLANG_WARN_UNREACHABLE_CODE = YES;
				CLANG_WARN__DUPLICATE_METHOD_MATCH = YES;
				"CODE_SIGN_IDENTITY[sdk=iphoneos*]" = "iPhone Developer";
				COPY_PHASE_STRIP = YES;
				ENABLE_NS_ASSERTIONS = NO;
				ENABLE_STRICT_OBJC_MSGSEND = YES;
				GCC_C_LANGUAGE_STANDARD = gnu99;
				GCC_WARN_64_TO_32_BIT_CONVERSION = YES;
				GCC_WARN_ABOUT_RETURN_TYPE = YES_ERROR;
				GCC_WARN_UNDECLARED_SELECTOR = YES;
				GCC_WARN_UNINITIALIZED_AUTOS = YES_AGGRESSIVE;
				GCC_WARN_UNUSED_FUNCTION = YES;
				GCC_WARN_UNUSED_VARIABLE = YES;
				IPHONEOS_DEPLOYMENT_TARGET = 7.0;
				MTL_ENABLE_DEBUG_INFO = NO;
				SDKROOT = iphoneos;
				VALIDATE_PRODUCT = YES;
			};
			name = Release;
		};
		77D6FAE91A09ADD800E06D29 /* Debug */ = {
			isa = XCBuildConfiguration;
			baseConfigurationReference = 5D8A4C158BDED110B3CC2BD9 /* Pods.debug.xcconfig */;
			buildSettings = {
				ASSETCATALOG_COMPILER_APPICON_NAME = AppIcon;
				CODE_SIGN_IDENTITY = "iPhone Developer";
				INFOPLIST_FILE = "Aier360/Support Files/Info.plist";
				IPHONEOS_DEPLOYMENT_TARGET = 7.0;
				LD_RUNPATH_SEARCH_PATHS = "$(inherited) @executable_path/Frameworks";
				PRODUCT_NAME = "$(TARGET_NAME)";
			};
			name = Debug;
		};
		77D6FAEA1A09ADD800E06D29 /* Release */ = {
			isa = XCBuildConfiguration;
			baseConfigurationReference = 2EA894B9C03258BD24789729 /* Pods.release.xcconfig */;
			buildSettings = {
				ASSETCATALOG_COMPILER_APPICON_NAME = AppIcon;
				CODE_SIGN_IDENTITY = "iPhone Developer";
				INFOPLIST_FILE = "Aier360/Support Files/Info.plist";
				IPHONEOS_DEPLOYMENT_TARGET = 7.0;
				LD_RUNPATH_SEARCH_PATHS = "$(inherited) @executable_path/Frameworks";
				PRODUCT_NAME = "$(TARGET_NAME)";
			};
			name = Release;
		};
		77D6FAEC1A09ADD800E06D29 /* Debug */ = {
			isa = XCBuildConfiguration;
			buildSettings = {
				BUNDLE_LOADER = "$(TEST_HOST)";
				FRAMEWORK_SEARCH_PATHS = (
					"$(SDKROOT)/Developer/Library/Frameworks",
					"$(inherited)",
				);
				GCC_PREPROCESSOR_DEFINITIONS = (
					"DEBUG=1",
					"$(inherited)",
				);
				INFOPLIST_FILE = Aier360Tests/Info.plist;
				LD_RUNPATH_SEARCH_PATHS = "$(inherited) @executable_path/Frameworks @loader_path/Frameworks";
				PRODUCT_NAME = "$(TARGET_NAME)";
				TEST_HOST = "$(BUILT_PRODUCTS_DIR)/Aier360.app/Aier360";
			};
			name = Debug;
		};
		77D6FAED1A09ADD800E06D29 /* Release */ = {
			isa = XCBuildConfiguration;
			buildSettings = {
				BUNDLE_LOADER = "$(TEST_HOST)";
				FRAMEWORK_SEARCH_PATHS = (
					"$(SDKROOT)/Developer/Library/Frameworks",
					"$(inherited)",
				);
				INFOPLIST_FILE = Aier360Tests/Info.plist;
				LD_RUNPATH_SEARCH_PATHS = "$(inherited) @executable_path/Frameworks @loader_path/Frameworks";
				PRODUCT_NAME = "$(TARGET_NAME)";
				TEST_HOST = "$(BUILT_PRODUCTS_DIR)/Aier360.app/Aier360";
			};
			name = Release;
		};
/* End XCBuildConfiguration section */

/* Begin XCConfigurationList section */
		77D6FAC01A09ADD800E06D29 /* Build configuration list for PBXProject "Aier360" */ = {
			isa = XCConfigurationList;
			buildConfigurations = (
				77D6FAE61A09ADD800E06D29 /* Debug */,
				77D6FAE71A09ADD800E06D29 /* Release */,
			);
			defaultConfigurationIsVisible = 0;
			defaultConfigurationName = Release;
		};
		77D6FAE81A09ADD800E06D29 /* Build configuration list for PBXNativeTarget "Aier360" */ = {
			isa = XCConfigurationList;
			buildConfigurations = (
				77D6FAE91A09ADD800E06D29 /* Debug */,
				77D6FAEA1A09ADD800E06D29 /* Release */,
			);
			defaultConfigurationIsVisible = 0;
			defaultConfigurationName = Release;
		};
		77D6FAEB1A09ADD800E06D29 /* Build configuration list for PBXNativeTarget "Aier360Tests" */ = {
			isa = XCConfigurationList;
			buildConfigurations = (
				77D6FAEC1A09ADD800E06D29 /* Debug */,
				77D6FAED1A09ADD800E06D29 /* Release */,
			);
			defaultConfigurationIsVisible = 0;
			defaultConfigurationName = Release;
		};
/* End XCConfigurationList section */
	};
	rootObject = 77D6FABD1A09ADD800E06D29 /* Project object */;
}
